// !$*UTF8*$!
{
	archiveVersion = 1;
	classes = {
	};
	objectVersion = 56;
	objects = {

/* Begin PBXBuildFile section */
		712018362B650E2500C54CAB /* TimeZone+Util.swift in Sources */ = {isa = PBXBuildFile; fileRef = 712018352B650E2500C54CAB /* TimeZone+Util.swift */; };
		716447D02B5FF1D000CC2B92 /* AppDelegate.swift in Sources */ = {isa = PBXBuildFile; fileRef = 716447CF2B5FF1D000CC2B92 /* AppDelegate.swift */; };
		716447D22B5FF1D000CC2B92 /* SceneDelegate.swift in Sources */ = {isa = PBXBuildFile; fileRef = 716447D12B5FF1D000CC2B92 /* SceneDelegate.swift */; };
		716447D42B5FF1D000CC2B92 /* TabbarController.swift in Sources */ = {isa = PBXBuildFile; fileRef = 716447D32B5FF1D000CC2B92 /* TabbarController.swift */; };
		716447D92B5FF1D200CC2B92 /* Assets.xcassets in Resources */ = {isa = PBXBuildFile; fileRef = 716447D82B5FF1D200CC2B92 /* Assets.xcassets */; };
		716447DC2B5FF1D200CC2B92 /* LaunchScreen.storyboard in Resources */ = {isa = PBXBuildFile; fileRef = 716447DA2B5FF1D200CC2B92 /* LaunchScreen.storyboard */; };
		717182022B664FC100E986FF /* CitySelectionViewController.swift in Sources */ = {isa = PBXBuildFile; fileRef = 717182012B664FC100E986FF /* CitySelectionViewController.swift */; };
		717182042B6656F500E986FF /* CitySelectionCell.swift in Sources */ = {isa = PBXBuildFile; fileRef = 717182032B6656F500E986FF /* CitySelectionCell.swift */; };
		717182062B665EAE00E986FF /* String+Hangul.swift in Sources */ = {isa = PBXBuildFile; fileRef = 717182052B665EAE00E986FF /* String+Hangul.swift */; };
		71C550362B60FCBC00DB127D /* WorldClockController.swift in Sources */ = {isa = PBXBuildFile; fileRef = 71C550352B60FCBC00DB127D /* WorldClockController.swift */; };
		71C550382B60FCCA00DB127D /* AlarmController.swift in Sources */ = {isa = PBXBuildFile; fileRef = 71C550372B60FCCA00DB127D /* AlarmController.swift */; };
		71C5503A2B60FCD700DB127D /* StopWatchController.swift in Sources */ = {isa = PBXBuildFile; fileRef = 71C550392B60FCD700DB127D /* StopWatchController.swift */; };
		71C5503C2B60FCE300DB127D /* TimerController.swift in Sources */ = {isa = PBXBuildFile; fileRef = 71C5503B2B60FCE300DB127D /* TimerController.swift */; };
		71C6CBA52BD28880000A10A9 /* Date+Util.swift in Sources */ = {isa = PBXBuildFile; fileRef = 71C6CBA42BD28880000A10A9 /* Date+Util.swift */; };
		71C7A72E2BF62E0E00291DC6 /* AlarmControllerCell.swift in Sources */ = {isa = PBXBuildFile; fileRef = 71C7A72D2BF62E0E00291DC6 /* AlarmControllerCell.swift */; };
		71E1FD602B62263100B140EC /* WorldClockCell.swift in Sources */ = {isa = PBXBuildFile; fileRef = 71E1FD5F2B62263100B140EC /* WorldClockCell.swift */; };
		71F41ED02BFE0E2C005724B2 /* AlarmEdit.swift in Sources */ = {isa = PBXBuildFile; fileRef = 71F41ECF2BFE0E2C005724B2 /* AlarmEdit.swift */; };
/* End PBXBuildFile section */

/* Begin PBXFileReference section */
		712018352B650E2500C54CAB /* TimeZone+Util.swift */ = {isa = PBXFileReference; lastKnownFileType = sourcecode.swift; path = "TimeZone+Util.swift"; sourceTree = "<group>"; };
		716447CC2B5FF1D000CC2B92 /* Clock.app */ = {isa = PBXFileReference; explicitFileType = wrapper.application; includeInIndex = 0; path = Clock.app; sourceTree = BUILT_PRODUCTS_DIR; };
		716447CF2B5FF1D000CC2B92 /* AppDelegate.swift */ = {isa = PBXFileReference; lastKnownFileType = sourcecode.swift; path = AppDelegate.swift; sourceTree = "<group>"; };
		716447D12B5FF1D000CC2B92 /* SceneDelegate.swift */ = {isa = PBXFileReference; lastKnownFileType = sourcecode.swift; path = SceneDelegate.swift; sourceTree = "<group>"; };
		716447D32B5FF1D000CC2B92 /* TabbarController.swift */ = {isa = PBXFileReference; lastKnownFileType = sourcecode.swift; path = TabbarController.swift; sourceTree = "<group>"; };
		716447D82B5FF1D200CC2B92 /* Assets.xcassets */ = {isa = PBXFileReference; lastKnownFileType = folder.assetcatalog; path = Assets.xcassets; sourceTree = "<group>"; };
		716447DB2B5FF1D200CC2B92 /* Base */ = {isa = PBXFileReference; lastKnownFileType = file.storyboard; name = Base; path = Base.lproj/LaunchScreen.storyboard; sourceTree = "<group>"; };
		716447DD2B5FF1D200CC2B92 /* Info.plist */ = {isa = PBXFileReference; lastKnownFileType = text.plist.xml; path = Info.plist; sourceTree = "<group>"; };
		717182012B664FC100E986FF /* CitySelectionViewController.swift */ = {isa = PBXFileReference; lastKnownFileType = sourcecode.swift; path = CitySelectionViewController.swift; sourceTree = "<group>"; };
		717182032B6656F500E986FF /* CitySelectionCell.swift */ = {isa = PBXFileReference; lastKnownFileType = sourcecode.swift; path = CitySelectionCell.swift; sourceTree = "<group>"; };
		717182052B665EAE00E986FF /* String+Hangul.swift */ = {isa = PBXFileReference; lastKnownFileType = sourcecode.swift; path = "String+Hangul.swift"; sourceTree = "<group>"; };
		71C550352B60FCBC00DB127D /* WorldClockController.swift */ = {isa = PBXFileReference; lastKnownFileType = sourcecode.swift; path = WorldClockController.swift; sourceTree = "<group>"; };
		71C550372B60FCCA00DB127D /* AlarmController.swift */ = {isa = PBXFileReference; lastKnownFileType = sourcecode.swift; path = AlarmController.swift; sourceTree = "<group>"; };
		71C550392B60FCD700DB127D /* StopWatchController.swift */ = {isa = PBXFileReference; lastKnownFileType = sourcecode.swift; path = StopWatchController.swift; sourceTree = "<group>"; };
		71C5503B2B60FCE300DB127D /* TimerController.swift */ = {isa = PBXFileReference; lastKnownFileType = sourcecode.swift; path = TimerController.swift; sourceTree = "<group>"; };
		71C6CBA42BD28880000A10A9 /* Date+Util.swift */ = {isa = PBXFileReference; lastKnownFileType = sourcecode.swift; path = "Date+Util.swift"; sourceTree = "<group>"; };
		71C7A72D2BF62E0E00291DC6 /* AlarmControllerCell.swift */ = {isa = PBXFileReference; lastKnownFileType = sourcecode.swift; path = AlarmControllerCell.swift; sourceTree = "<group>"; };
		71E1FD5F2B62263100B140EC /* WorldClockCell.swift */ = {isa = PBXFileReference; lastKnownFileType = sourcecode.swift; path = WorldClockCell.swift; sourceTree = "<group>"; };
		71F41ECF2BFE0E2C005724B2 /* AlarmEdit.swift */ = {isa = PBXFileReference; lastKnownFileType = sourcecode.swift; path = AlarmEdit.swift; sourceTree = "<group>"; };
/* End PBXFileReference section */

/* Begin PBXFrameworksBuildPhase section */
		716447C92B5FF1D000CC2B92 /* Frameworks */ = {
			isa = PBXFrameworksBuildPhase;
			buildActionMask = 2147483647;
			files = (
			);
			runOnlyForDeploymentPostprocessing = 0;
		};
/* End PBXFrameworksBuildPhase section */

/* Begin PBXGroup section */
		712018342B650E1400C54CAB /* Extension */ = {
			isa = PBXGroup;
			children = (
				712018352B650E2500C54CAB /* TimeZone+Util.swift */,
				717182052B665EAE00E986FF /* String+Hangul.swift */,
				71C6CBA42BD28880000A10A9 /* Date+Util.swift */,
			);
			path = Extension;
			sourceTree = "<group>";
		};
		716177D12BDFB73B00693369 /* WorldClockModule */ = {
			isa = PBXGroup;
			children = (
				71C550352B60FCBC00DB127D /* WorldClockController.swift */,
				71E1FD5F2B62263100B140EC /* WorldClockCell.swift */,
				717182012B664FC100E986FF /* CitySelectionViewController.swift */,
				717182032B6656F500E986FF /* CitySelectionCell.swift */,
			);
			path = WorldClockModule;
			sourceTree = "<group>";
		};
		716177D22BDFB76C00693369 /* AlarmModule */ = {
			isa = PBXGroup;
			children = (
				71C550372B60FCCA00DB127D /* AlarmController.swift */,
				71C7A72D2BF62E0E00291DC6 /* AlarmControllerCell.swift */,
				71F41ECF2BFE0E2C005724B2 /* AlarmEdit.swift */,
			);
			path = AlarmModule;
			sourceTree = "<group>";
		};
		716177D42BDFB78700693369 /* StopWatchModule */ = {
			isa = PBXGroup;
			children = (
				71C550392B60FCD700DB127D /* StopWatchController.swift */,
			);
			path = StopWatchModule;
			sourceTree = "<group>";
		};
		716177D52BDFB7BE00693369 /* TimerModule */ = {
			isa = PBXGroup;
			children = (
				71C5503B2B60FCE300DB127D /* TimerController.swift */,
			);
			path = TimerModule;
			sourceTree = "<group>";
		};
		716177D62BDFBADE00693369 /* Resources */ = {
			isa = PBXGroup;
			children = (
				716447CF2B5FF1D000CC2B92 /* AppDelegate.swift */,
				716447D12B5FF1D000CC2B92 /* SceneDelegate.swift */,
				716447D82B5FF1D200CC2B92 /* Assets.xcassets */,
				716447DA2B5FF1D200CC2B92 /* LaunchScreen.storyboard */,
			);
			path = Resources;
			sourceTree = "<group>";
		};
		716177D72BDFBD1200693369 /* Source */ = {
			isa = PBXGroup;
			children = (
				716447D32B5FF1D000CC2B92 /* TabbarController.swift */,
				712018342B650E1400C54CAB /* Extension */,
				716177D12BDFB73B00693369 /* WorldClockModule */,
				716177D22BDFB76C00693369 /* AlarmModule */,
				716177D42BDFB78700693369 /* StopWatchModule */,
				716177D52BDFB7BE00693369 /* TimerModule */,
			);
			path = Source;
			sourceTree = "<group>";
		};
		716447C32B5FF1D000CC2B92 = {
			isa = PBXGroup;
			children = (
				716447CE2B5FF1D000CC2B92 /* Clock */,
				716447CD2B5FF1D000CC2B92 /* Products */,
			);
			sourceTree = "<group>";
		};
		716447CD2B5FF1D000CC2B92 /* Products */ = {
			isa = PBXGroup;
			children = (
				716447CC2B5FF1D000CC2B92 /* Clock.app */,
			);
			name = Products;
			sourceTree = "<group>";
		};
		716447CE2B5FF1D000CC2B92 /* Clock */ = {
			isa = PBXGroup;
			children = (
				716177D72BDFBD1200693369 /* Source */,
				716177D62BDFBADE00693369 /* Resources */,
				716447DD2B5FF1D200CC2B92 /* Info.plist */,
			);
			path = Clock;
			sourceTree = "<group>";
		};
/* End PBXGroup section */

/* Begin PBXNativeTarget section */
		716447CB2B5FF1D000CC2B92 /* Clock */ = {
			isa = PBXNativeTarget;
			buildConfigurationList = 716447E02B5FF1D200CC2B92 /* Build configuration list for PBXNativeTarget "Clock" */;
			buildPhases = (
				716447C82B5FF1D000CC2B92 /* Sources */,
				716447C92B5FF1D000CC2B92 /* Frameworks */,
				716447CA2B5FF1D000CC2B92 /* Resources */,
			);
			buildRules = (
			);
			dependencies = (
			);
			name = Clock;
			productName = Clock;
			productReference = 716447CC2B5FF1D000CC2B92 /* Clock.app */;
			productType = "com.apple.product-type.application";
		};
/* End PBXNativeTarget section */

/* Begin PBXProject section */
		716447C42B5FF1D000CC2B92 /* Project object */ = {
			isa = PBXProject;
			attributes = {
				BuildIndependentTargetsInParallel = 1;
				LastSwiftUpdateCheck = 1520;
				LastUpgradeCheck = 1520;
				TargetAttributes = {
					716447CB2B5FF1D000CC2B92 = {
						CreatedOnToolsVersion = 15.2;
					};
				};
			};
			buildConfigurationList = 716447C72B5FF1D000CC2B92 /* Build configuration list for PBXProject "Clock" */;
			compatibilityVersion = "Xcode 14.0";
			developmentRegion = en;
			hasScannedForEncodings = 0;
			knownRegions = (
				en,
				Base,
			);
			mainGroup = 716447C32B5FF1D000CC2B92;
			productRefGroup = 716447CD2B5FF1D000CC2B92 /* Products */;
			projectDirPath = "";
			projectRoot = "";
			targets = (
				716447CB2B5FF1D000CC2B92 /* Clock */,
			);
		};
/* End PBXProject section */

/* Begin PBXResourcesBuildPhase section */
		716447CA2B5FF1D000CC2B92 /* Resources */ = {
			isa = PBXResourcesBuildPhase;
			buildActionMask = 2147483647;
			files = (
				716447DC2B5FF1D200CC2B92 /* LaunchScreen.storyboard in Resources */,
				716447D92B5FF1D200CC2B92 /* Assets.xcassets in Resources */,
			);
			runOnlyForDeploymentPostprocessing = 0;
		};
/* End PBXResourcesBuildPhase section */

/* Begin PBXSourcesBuildPhase section */
		716447C82B5FF1D000CC2B92 /* Sources */ = {
			isa = PBXSourcesBuildPhase;
			buildActionMask = 2147483647;
			files = (
				716447D42B5FF1D000CC2B92 /* TabbarController.swift in Sources */,
				71C550382B60FCCA00DB127D /* AlarmController.swift in Sources */,
				71C550362B60FCBC00DB127D /* WorldClockController.swift in Sources */,
				71F41ED02BFE0E2C005724B2 /* AlarmEdit.swift in Sources */,
				71E1FD602B62263100B140EC /* WorldClockCell.swift in Sources */,
				716447D02B5FF1D000CC2B92 /* AppDelegate.swift in Sources */,
				712018362B650E2500C54CAB /* TimeZone+Util.swift in Sources */,
				717182022B664FC100E986FF /* CitySelectionViewController.swift in Sources */,
				717182062B665EAE00E986FF /* String+Hangul.swift in Sources */,
				717182042B6656F500E986FF /* CitySelectionCell.swift in Sources */,
				71C6CBA52BD28880000A10A9 /* Date+Util.swift in Sources */,
				71C5503C2B60FCE300DB127D /* TimerController.swift in Sources */,
				716447D22B5FF1D000CC2B92 /* SceneDelegate.swift in Sources */,
				71C5503A2B60FCD700DB127D /* StopWatchController.swift in Sources */,
				71C7A72E2BF62E0E00291DC6 /* AlarmControllerCell.swift in Sources */,
			);
			runOnlyForDeploymentPostprocessing = 0;
		};
/* End PBXSourcesBuildPhase section */

/* Begin PBXVariantGroup section */
		716447DA2B5FF1D200CC2B92 /* LaunchScreen.storyboard */ = {
			isa = PBXVariantGroup;
			children = (
				716447DB2B5FF1D200CC2B92 /* Base */,
			);
			name = LaunchScreen.storyboard;
			sourceTree = "<group>";
		};
/* End PBXVariantGroup section */

/* Begin XCBuildConfiguration section */
		716447DE2B5FF1D200CC2B92 /* Debug */ = {
			isa = XCBuildConfiguration;
			buildSettings = {
				ALWAYS_SEARCH_USER_PATHS = NO;
				ASSETCATALOG_COMPILER_GENERATE_SWIFT_ASSET_SYMBOL_EXTENSIONS = YES;
				CLANG_ANALYZER_NONNULL = YES;
				CLANG_ANALYZER_NUMBER_OBJECT_CONVERSION = YES_AGGRESSIVE;
				CLANG_CXX_LANGUAGE_STANDARD = "gnu++20";
				CLANG_ENABLE_MODULES = YES;
				CLANG_ENABLE_OBJC_ARC = YES;
				CLANG_ENABLE_OBJC_WEAK = YES;
				CLANG_WARN_BLOCK_CAPTURE_AUTORELEASING = YES;
				CLANG_WARN_BOOL_CONVERSION = YES;
				CLANG_WARN_COMMA = YES;
				CLANG_WARN_CONSTANT_CONVERSION = YES;
				CLANG_WARN_DEPRECATED_OBJC_IMPLEMENTATIONS = YES;
				CLANG_WARN_DIRECT_OBJC_ISA_USAGE = YES_ERROR;
				CLANG_WARN_DOCUMENTATION_COMMENTS = YES;
				CLANG_WARN_EMPTY_BODY = YES;
				CLANG_WARN_ENUM_CONVERSION = YES;
				CLANG_WARN_INFINITE_RECURSION = YES;
				CLANG_WARN_INT_CONVERSION = YES;
				CLANG_WARN_NON_LITERAL_NULL_CONVERSION = YES;
				CLANG_WARN_OBJC_IMPLICIT_RETAIN_SELF = YES;
				CLANG_WARN_OBJC_LITERAL_CONVERSION = YES;
				CLANG_WARN_OBJC_ROOT_CLASS = YES_ERROR;
				CLANG_WARN_QUOTED_INCLUDE_IN_FRAMEWORK_HEADER = YES;
				CLANG_WARN_RANGE_LOOP_ANALYSIS = YES;
				CLANG_WARN_STRICT_PROTOTYPES = YES;
				CLANG_WARN_SUSPICIOUS_MOVE = YES;
				CLANG_WARN_UNGUARDED_AVAILABILITY = YES_AGGRESSIVE;
				CLANG_WARN_UNREACHABLE_CODE = YES;
				CLANG_WARN__DUPLICATE_METHOD_MATCH = YES;
				COPY_PHASE_STRIP = NO;
				DEBUG_INFORMATION_FORMAT = dwarf;
				ENABLE_STRICT_OBJC_MSGSEND = YES;
				ENABLE_TESTABILITY = YES;
				ENABLE_USER_SCRIPT_SANDBOXING = YES;
				GCC_C_LANGUAGE_STANDARD = gnu17;
				GCC_DYNAMIC_NO_PIC = NO;
				GCC_NO_COMMON_BLOCKS = YES;
				GCC_OPTIMIZATION_LEVEL = 0;
				GCC_PREPROCESSOR_DEFINITIONS = (
					"DEBUG=1",
					"$(inherited)",
				);
				GCC_WARN_64_TO_32_BIT_CONVERSION = YES;
				GCC_WARN_ABOUT_RETURN_TYPE = YES_ERROR;
				GCC_WARN_UNDECLARED_SELECTOR = YES;
				GCC_WARN_UNINITIALIZED_AUTOS = YES_AGGRESSIVE;
				GCC_WARN_UNUSED_FUNCTION = YES;
				GCC_WARN_UNUSED_VARIABLE = YES;
				IPHONEOS_DEPLOYMENT_TARGET = 17.2;
				LOCALIZATION_PREFERS_STRING_CATALOGS = YES;
				MTL_ENABLE_DEBUG_INFO = INCLUDE_SOURCE;
				MTL_FAST_MATH = YES;
				ONLY_ACTIVE_ARCH = YES;
				SDKROOT = iphoneos;
				SWIFT_ACTIVE_COMPILATION_CONDITIONS = "DEBUG $(inherited)";
				SWIFT_OPTIMIZATION_LEVEL = "-Onone";
			};
			name = Debug;
		};
		716447DF2B5FF1D200CC2B92 /* Release */ = {
			isa = XCBuildConfiguration;
			buildSettings = {
				ALWAYS_SEARCH_USER_PATHS = NO;
				ASSETCATALOG_COMPILER_GENERATE_SWIFT_ASSET_SYMBOL_EXTENSIONS = YES;
				CLANG_ANALYZER_NONNULL = YES;
				CLANG_ANALYZER_NUMBER_OBJECT_CONVERSION = YES_AGGRESSIVE;
				CLANG_CXX_LANGUAGE_STANDARD = "gnu++20";
				CLANG_ENABLE_MODULES = YES;
				CLANG_ENABLE_OBJC_ARC = YES;
				CLANG_ENABLE_OBJC_WEAK = YES;
				CLANG_WARN_BLOCK_CAPTURE_AUTORELEASING = YES;
				CLANG_WARN_BOOL_CONVERSION = YES;
				CLANG_WARN_COMMA = YES;
				CLANG_WARN_CONSTANT_CONVERSION = YES;
				CLANG_WARN_DEPRECATED_OBJC_IMPLEMENTATIONS = YES;
				CLANG_WARN_DIRECT_OBJC_ISA_USAGE = YES_ERROR;
				CLANG_WARN_DOCUMENTATION_COMMENTS = YES;
				CLANG_WARN_EMPTY_BODY = YES;
				CLANG_WARN_ENUM_CONVERSION = YES;
				CLANG_WARN_INFINITE_RECURSION = YES;
				CLANG_WARN_INT_CONVERSION = YES;
				CLANG_WARN_NON_LITERAL_NULL_CONVERSION = YES;
				CLANG_WARN_OBJC_IMPLICIT_RETAIN_SELF = YES;
				CLANG_WARN_OBJC_LITERAL_CONVERSION = YES;
				CLANG_WARN_OBJC_ROOT_CLASS = YES_ERROR;
				CLANG_WARN_QUOTED_INCLUDE_IN_FRAMEWORK_HEADER = YES;
				CLANG_WARN_RANGE_LOOP_ANALYSIS = YES;
				CLANG_WARN_STRICT_PROTOTYPES = YES;
				CLANG_WARN_SUSPICIOUS_MOVE = YES;
				CLANG_WARN_UNGUARDED_AVAILABILITY = YES_AGGRESSIVE;
				CLANG_WARN_UNREACHABLE_CODE = YES;
				CLANG_WARN__DUPLICATE_METHOD_MATCH = YES;
				COPY_PHASE_STRIP = NO;
				DEBUG_INFORMATION_FORMAT = "dwarf-with-dsym";
				ENABLE_NS_ASSERTIONS = NO;
				ENABLE_STRICT_OBJC_MSGSEND = YES;
				ENABLE_USER_SCRIPT_SANDBOXING = YES;
				GCC_C_LANGUAGE_STANDARD = gnu17;
				GCC_NO_COMMON_BLOCKS = YES;
				GCC_WARN_64_TO_32_BIT_CONVERSION = YES;
				GCC_WARN_ABOUT_RETURN_TYPE = YES_ERROR;
				GCC_WARN_UNDECLARED_SELECTOR = YES;
				GCC_WARN_UNINITIALIZED_AUTOS = YES_AGGRESSIVE;
				GCC_WARN_UNUSED_FUNCTION = YES;
				GCC_WARN_UNUSED_VARIABLE = YES;
				IPHONEOS_DEPLOYMENT_TARGET = 17.2;
				LOCALIZATION_PREFERS_STRING_CATALOGS = YES;
				MTL_ENABLE_DEBUG_INFO = NO;
				MTL_FAST_MATH = YES;
				SDKROOT = iphoneos;
				SWIFT_COMPILATION_MODE = wholemodule;
				VALIDATE_PRODUCT = YES;
			};
			name = Release;
		};
		716447E12B5FF1D200CC2B92 /* Debug */ = {
			isa = XCBuildConfiguration;
			buildSettings = {
				ASSETCATALOG_COMPILER_APPICON_NAME = AppIcon;
				ASSETCATALOG_COMPILER_GLOBAL_ACCENT_COLOR_NAME = AccentColor;
				CODE_SIGN_STYLE = Automatic;
				CURRENT_PROJECT_VERSION = 1;
				DEVELOPMENT_TEAM = H8AWFKL48X;
				GENERATE_INFOPLIST_FILE = YES;
				INFOPLIST_FILE = Clock/Info.plist;
				INFOPLIST_KEY_UIApplicationSupportsIndirectInputEvents = YES;
				INFOPLIST_KEY_UILaunchStoryboardName = LaunchScreen;
				INFOPLIST_KEY_UIStatusBarStyle = UIStatusBarStyleLightContent;
				INFOPLIST_KEY_UISupportedInterfaceOrientations_iPad = "UIInterfaceOrientationPortrait UIInterfaceOrientationPortraitUpsideDown UIInterfaceOrientationLandscapeLeft UIInterfaceOrientationLandscapeRight";
				INFOPLIST_KEY_UISupportedInterfaceOrientations_iPhone = "UIInterfaceOrientationPortrait UIInterfaceOrientationLandscapeLeft UIInterfaceOrientationLandscapeRight";
				INFOPLIST_KEY_UIUserInterfaceStyle = Dark;
				IPHONEOS_DEPLOYMENT_TARGET = 16.4;
				LD_RUNPATH_SEARCH_PATHS = (
					"$(inherited)",
					"@executable_path/Frameworks",
				);
				MARKETING_VERSION = 1.0;
				PRODUCT_BUNDLE_IDENTIFIER = com.Clock;
				PRODUCT_NAME = "$(TARGET_NAME)";
				SWIFT_EMIT_LOC_STRINGS = YES;
				SWIFT_VERSION = 5.0;
				TARGETED_DEVICE_FAMILY = "1,2";
			};
			name = Debug;
		};
		716447E22B5FF1D200CC2B92 /* Release */ = {
			isa = XCBuildConfiguration;
			buildSettings = {
				ASSETCATALOG_COMPILER_APPICON_NAME = AppIcon;
				ASSETCATALOG_COMPILER_GLOBAL_ACCENT_COLOR_NAME = AccentColor;
				CODE_SIGN_STYLE = Automatic;
				CURRENT_PROJECT_VERSION = 1;
				DEVELOPMENT_TEAM = H8AWFKL48X;
				GENERATE_INFOPLIST_FILE = YES;
				INFOPLIST_FILE = Clock/Info.plist;
				INFOPLIST_KEY_UIApplicationSupportsIndirectInputEvents = YES;
				INFOPLIST_KEY_UILaunchStoryboardName = LaunchScreen;
				INFOPLIST_KEY_UIStatusBarStyle = UIStatusBarStyleLightContent;
				INFOPLIST_KEY_UISupportedInterfaceOrientations_iPad = "UIInterfaceOrientationPortrait UIInterfaceOrientationPortraitUpsideDown UIInterfaceOrientationLandscapeLeft UIInterfaceOrientationLandscapeRight";
				INFOPLIST_KEY_UISupportedInterfaceOrientations_iPhone = "UIInterfaceOrientationPortrait UIInterfaceOrientationLandscapeLeft UIInterfaceOrientationLandscapeRight";
				INFOPLIST_KEY_UIUserInterfaceStyle = Dark;
				IPHONEOS_DEPLOYMENT_TARGET = 16.4;
				LD_RUNPATH_SEARCH_PATHS = (
					"$(inherited)",
					"@executable_path/Frameworks",
				);
				MARKETING_VERSION = 1.0;
				PRODUCT_BUNDLE_IDENTIFIER = com.Clock;
				PRODUCT_NAME = "$(TARGET_NAME)";
				SWIFT_EMIT_LOC_STRINGS = YES;
				SWIFT_VERSION = 5.0;
				TARGETED_DEVICE_FAMILY = "1,2";
			};
			name = Release;
		};
/* End XCBuildConfiguration section */

/* Begin XCConfigurationList section */
		716447C72B5FF1D000CC2B92 /* Build configuration list for PBXProject "Clock" */ = {
			isa = XCConfigurationList;
			buildConfigurations = (
				716447DE2B5FF1D200CC2B92 /* Debug */,
				716447DF2B5FF1D200CC2B92 /* Release */,
			);
			defaultConfigurationIsVisible = 0;
			defaultConfigurationName = Release;
		};
		716447E02B5FF1D200CC2B92 /* Build configuration list for PBXNativeTarget "Clock" */ = {
			isa = XCConfigurationList;
			buildConfigurations = (
				716447E12B5FF1D200CC2B92 /* Debug */,
				716447E22B5FF1D200CC2B92 /* Release */,
			);
			defaultConfigurationIsVisible = 0;
			defaultConfigurationName = Release;
		};
/* End XCConfigurationList section */
	};
	rootObject = 716447C42B5FF1D000CC2B92 /* Project object */;
}
