// !$*UTF8*$!
{
	archiveVersion = 1;
	classes = {
	};
	objectVersion = 56;
	objects = {

/* Begin PBXBuildFile section */
		7103619E2A07EF3100CF4CE3 /* AppDelegate.swift in Sources */ = {isa = PBXBuildFile; fileRef = 7103619D2A07EF3100CF4CE3 /* AppDelegate.swift */; };
		710361A02A07EF3100CF4CE3 /* SceneDelegate.swift in Sources */ = {isa = PBXBuildFile; fileRef = 7103619F2A07EF3100CF4CE3 /* SceneDelegate.swift */; };
		710361A72A07EF3200CF4CE3 /* Assets.xcassets in Resources */ = {isa = PBXBuildFile; fileRef = 710361A62A07EF3200CF4CE3 /* Assets.xcassets */; };
		710361AA2A07EF3200CF4CE3 /* LaunchScreen.storyboard in Resources */ = {isa = PBXBuildFile; fileRef = 710361A82A07EF3200CF4CE3 /* LaunchScreen.storyboard */; };
		71B1305D2A4548F90059A2DE /* CalendarTest.swift in Sources */ = {isa = PBXBuildFile; fileRef = 71B1305C2A4548F90059A2DE /* CalendarTest.swift */; };
		71B1305F2A455DCD0059A2DE /* ModalVIew.swift in Sources */ = {isa = PBXBuildFile; fileRef = 71B1305E2A455DCD0059A2DE /* ModalVIew.swift */; };
		71C074892A093E96008FDA71 /* GameSelectionScreen.swift in Sources */ = {isa = PBXBuildFile; fileRef = 71C074882A093E96008FDA71 /* GameSelectionScreen.swift */; };
		71D5C2332A1E4287007F1B8F /* MenuListCell.swift in Sources */ = {isa = PBXBuildFile; fileRef = 71D5C2322A1E4287007F1B8F /* MenuListCell.swift */; };
/* End PBXBuildFile section */

/* Begin PBXFileReference section */
		7103619A2A07EF3100CF4CE3 /* MiniGameHeaven.app */ = {isa = PBXFileReference; explicitFileType = wrapper.application; includeInIndex = 0; path = MiniGameHeaven.app; sourceTree = BUILT_PRODUCTS_DIR; };
		7103619D2A07EF3100CF4CE3 /* AppDelegate.swift */ = {isa = PBXFileReference; lastKnownFileType = sourcecode.swift; path = AppDelegate.swift; sourceTree = "<group>"; };
		7103619F2A07EF3100CF4CE3 /* SceneDelegate.swift */ = {isa = PBXFileReference; lastKnownFileType = sourcecode.swift; path = SceneDelegate.swift; sourceTree = "<group>"; };
		710361A62A07EF3200CF4CE3 /* Assets.xcassets */ = {isa = PBXFileReference; lastKnownFileType = folder.assetcatalog; path = Assets.xcassets; sourceTree = "<group>"; };
		710361A92A07EF3200CF4CE3 /* Base */ = {isa = PBXFileReference; lastKnownFileType = file.storyboard; name = Base; path = Base.lproj/LaunchScreen.storyboard; sourceTree = "<group>"; };
		710361AB2A07EF3200CF4CE3 /* Info.plist */ = {isa = PBXFileReference; lastKnownFileType = text.plist.xml; path = Info.plist; sourceTree = "<group>"; };
		71B1305C2A4548F90059A2DE /* CalendarTest.swift */ = {isa = PBXFileReference; lastKnownFileType = sourcecode.swift; path = CalendarTest.swift; sourceTree = "<group>"; };
		71B1305E2A455DCD0059A2DE /* ModalVIew.swift */ = {isa = PBXFileReference; lastKnownFileType = sourcecode.swift; path = ModalVIew.swift; sourceTree = "<group>"; };
		71C074882A093E96008FDA71 /* GameSelectionScreen.swift */ = {isa = PBXFileReference; lastKnownFileType = sourcecode.swift; path = GameSelectionScreen.swift; sourceTree = "<group>"; };
		71D5C2322A1E4287007F1B8F /* MenuListCell.swift */ = {isa = PBXFileReference; lastKnownFileType = sourcecode.swift; path = MenuListCell.swift; sourceTree = "<group>"; };
/* End PBXFileReference section */

/* Begin PBXFrameworksBuildPhase section */
		710361972A07EF3000CF4CE3 /* Frameworks */ = {
			isa = PBXFrameworksBuildPhase;
			buildActionMask = 2147483647;
			files = (
			);
			runOnlyForDeploymentPostprocessing = 0;
		};
/* End PBXFrameworksBuildPhase section */

/* Begin PBXGroup section */
		710361912A07EF3000CF4CE3 = {
			isa = PBXGroup;
			children = (
				7103619C2A07EF3100CF4CE3 /* MiniGameHeaven */,
				7103619B2A07EF3100CF4CE3 /* Products */,
			);
			sourceTree = "<group>";
		};
		7103619B2A07EF3100CF4CE3 /* Products */ = {
			isa = PBXGroup;
			children = (
				7103619A2A07EF3100CF4CE3 /* MiniGameHeaven.app */,
			);
			name = Products;
			sourceTree = "<group>";
		};
		7103619C2A07EF3100CF4CE3 /* MiniGameHeaven */ = {
			isa = PBXGroup;
			children = (
				7103619D2A07EF3100CF4CE3 /* AppDelegate.swift */,
				7103619F2A07EF3100CF4CE3 /* SceneDelegate.swift */,
				71D5C2322A1E4287007F1B8F /* MenuListCell.swift */,
				71C074882A093E96008FDA71 /* GameSelectionScreen.swift */,
				71B1305C2A4548F90059A2DE /* CalendarTest.swift */,
				71B1305E2A455DCD0059A2DE /* ModalVIew.swift */,
				710361A62A07EF3200CF4CE3 /* Assets.xcassets */,
				710361A82A07EF3200CF4CE3 /* LaunchScreen.storyboard */,
				710361AB2A07EF3200CF4CE3 /* Info.plist */,
			);
			path = MiniGameHeaven;
			sourceTree = "<group>";
		};
/* End PBXGroup section */

/* Begin PBXNativeTarget section */
		710361992A07EF3000CF4CE3 /* MiniGameHeaven */ = {
			isa = PBXNativeTarget;
			buildConfigurationList = 710361AE2A07EF3200CF4CE3 /* Build configuration list for PBXNativeTarget "MiniGameHeaven" */;
			buildPhases = (
				710361962A07EF3000CF4CE3 /* Sources */,
				710361972A07EF3000CF4CE3 /* Frameworks */,
				710361982A07EF3000CF4CE3 /* Resources */,
			);
			buildRules = (
			);
			dependencies = (
			);
			name = MiniGameHeaven;
			productName = MiniGameHeaven;
			productReference = 7103619A2A07EF3100CF4CE3 /* MiniGameHeaven.app */;
			productType = "com.apple.product-type.application";
		};
/* End PBXNativeTarget section */

/* Begin PBXProject section */
		710361922A07EF3000CF4CE3 /* Project object */ = {
			isa = PBXProject;
			attributes = {
				BuildIndependentTargetsInParallel = 1;
				LastSwiftUpdateCheck = 1430;
				LastUpgradeCheck = 1430;
				TargetAttributes = {
					710361992A07EF3000CF4CE3 = {
						CreatedOnToolsVersion = 14.3;
					};
				};
			};
			buildConfigurationList = 710361952A07EF3000CF4CE3 /* Build configuration list for PBXProject "MiniGameHeaven" */;
			compatibilityVersion = "Xcode 14.0";
			developmentRegion = en;
			hasScannedForEncodings = 0;
			knownRegions = (
				en,
				Base,
			);
			mainGroup = 710361912A07EF3000CF4CE3;
			productRefGroup = 7103619B2A07EF3100CF4CE3 /* Products */;
			projectDirPath = "";
			projectRoot = "";
			targets = (
				710361992A07EF3000CF4CE3 /* MiniGameHeaven */,
			);
		};
/* End PBXProject section */

/* Begin PBXResourcesBuildPhase section */
		710361982A07EF3000CF4CE3 /* Resources */ = {
			isa = PBXResourcesBuildPhase;
			buildActionMask = 2147483647;
			files = (
				710361AA2A07EF3200CF4CE3 /* LaunchScreen.storyboard in Resources */,
				710361A72A07EF3200CF4CE3 /* Assets.xcassets in Resources */,
			);
			runOnlyForDeploymentPostprocessing = 0;
		};
/* End PBXResourcesBuildPhase section */

/* Begin PBXSourcesBuildPhase section */
		710361962A07EF3000CF4CE3 /* Sources */ = {
			isa = PBXSourcesBuildPhase;
			buildActionMask = 2147483647;
			files = (
				71B1305F2A455DCD0059A2DE /* ModalVIew.swift in Sources */,
				71D5C2332A1E4287007F1B8F /* MenuListCell.swift in Sources */,
				71B1305D2A4548F90059A2DE /* CalendarTest.swift in Sources */,
				71C074892A093E96008FDA71 /* GameSelectionScreen.swift in Sources */,
				7103619E2A07EF3100CF4CE3 /* AppDelegate.swift in Sources */,
				710361A02A07EF3100CF4CE3 /* SceneDelegate.swift in Sources */,
			);
			runOnlyForDeploymentPostprocessing = 0;
		};
/* End PBXSourcesBuildPhase section */

/* Begin PBXVariantGroup section */
		710361A82A07EF3200CF4CE3 /* LaunchScreen.storyboard */ = {
			isa = PBXVariantGroup;
			children = (
				710361A92A07EF3200CF4CE3 /* Base */,
			);
			name = LaunchScreen.storyboard;
			sourceTree = "<group>";
		};
/* End PBXVariantGroup section */

/* Begin XCBuildConfiguration section */
		710361AC2A07EF3200CF4CE3 /* Debug */ = {
			isa = XCBuildConfiguration;
			buildSettings = {
				ALWAYS_SEARCH_USER_PATHS = NO;
				CLANG_ANALYZER_NONNULL = YES;
				CLANG_ANALYZER_NUMBER_OBJECT_CONVERSION = YES_AGGRESSIVE;
				CLANG_CXX_LANGUAGE_STANDARD = "gnu++20";
				CLANG_ENABLE_MODULES = YES;
				CLANG_ENABLE_OBJC_ARC = YES;
				CLANG_ENABLE_OBJC_WEAK = YES;
				CLANG_WARN_BLOCK_CAPTURE_AUTORELEASING = YES;
				CLANG_WARN_BOOL_CONVERSION = YES;
				CLANG_WARN_COMMA = YES;
				CLANG_WARN_CONSTANT_CONVERSION = YES;
				CLANG_WARN_DEPRECATED_OBJC_IMPLEMENTATIONS = YES;
				CLANG_WARN_DIRECT_OBJC_ISA_USAGE = YES_ERROR;
				CLANG_WARN_DOCUMENTATION_COMMENTS = YES;
				CLANG_WARN_EMPTY_BODY = YES;
				CLANG_WARN_ENUM_CONVERSION = YES;
				CLANG_WARN_INFINITE_RECURSION = YES;
				CLANG_WARN_INT_CONVERSION = YES;
				CLANG_WARN_NON_LITERAL_NULL_CONVERSION = YES;
				CLANG_WARN_OBJC_IMPLICIT_RETAIN_SELF = YES;
				CLANG_WARN_OBJC_LITERAL_CONVERSION = YES;
				CLANG_WARN_OBJC_ROOT_CLASS = YES_ERROR;
				CLANG_WARN_QUOTED_INCLUDE_IN_FRAMEWORK_HEADER = YES;
				CLANG_WARN_RANGE_LOOP_ANALYSIS = YES;
				CLANG_WARN_STRICT_PROTOTYPES = YES;
				CLANG_WARN_SUSPICIOUS_MOVE = YES;
				CLANG_WARN_UNGUARDED_AVAILABILITY = YES_AGGRESSIVE;
				CLANG_WARN_UNREACHABLE_CODE = YES;
				CLANG_WARN__DUPLICATE_METHOD_MATCH = YES;
				COPY_PHASE_STRIP = NO;
				DEBUG_INFORMATION_FORMAT = dwarf;
				ENABLE_STRICT_OBJC_MSGSEND = YES;
				ENABLE_TESTABILITY = YES;
				GCC_C_LANGUAGE_STANDARD = gnu11;
				GCC_DYNAMIC_NO_PIC = NO;
				GCC_NO_COMMON_BLOCKS = YES;
				GCC_OPTIMIZATION_LEVEL = 0;
				GCC_PREPROCESSOR_DEFINITIONS = (
					"DEBUG=1",
					"$(inherited)",
				);
				GCC_WARN_64_TO_32_BIT_CONVERSION = YES;
				GCC_WARN_ABOUT_RETURN_TYPE = YES_ERROR;
				GCC_WARN_UNDECLARED_SELECTOR = YES;
				GCC_WARN_UNINITIALIZED_AUTOS = YES_AGGRESSIVE;
				GCC_WARN_UNUSED_FUNCTION = YES;
				GCC_WARN_UNUSED_VARIABLE = YES;
				IPHONEOS_DEPLOYMENT_TARGET = 16.4;
				MTL_ENABLE_DEBUG_INFO = INCLUDE_SOURCE;
				MTL_FAST_MATH = YES;
				ONLY_ACTIVE_ARCH = YES;
				SDKROOT = iphoneos;
				SWIFT_ACTIVE_COMPILATION_CONDITIONS = DEBUG;
				SWIFT_OPTIMIZATION_LEVEL = "-Onone";
			};
			name = Debug;
		};
		710361AD2A07EF3200CF4CE3 /* Release */ = {
			isa = XCBuildConfiguration;
			buildSettings = {
				ALWAYS_SEARCH_USER_PATHS = NO;
				CLANG_ANALYZER_NONNULL = YES;
				CLANG_ANALYZER_NUMBER_OBJECT_CONVERSION = YES_AGGRESSIVE;
				CLANG_CXX_LANGUAGE_STANDARD = "gnu++20";
				CLANG_ENABLE_MODULES = YES;
				CLANG_ENABLE_OBJC_ARC = YES;
				CLANG_ENABLE_OBJC_WEAK = YES;
				CLANG_WARN_BLOCK_CAPTURE_AUTORELEASING = YES;
				CLANG_WARN_BOOL_CONVERSION = YES;
				CLANG_WARN_COMMA = YES;
				CLANG_WARN_CONSTANT_CONVERSION = YES;
				CLANG_WARN_DEPRECATED_OBJC_IMPLEMENTATIONS = YES;
				CLANG_WARN_DIRECT_OBJC_ISA_USAGE = YES_ERROR;
				CLANG_WARN_DOCUMENTATION_COMMENTS = YES;
				CLANG_WARN_EMPTY_BODY = YES;
				CLANG_WARN_ENUM_CONVERSION = YES;
				CLANG_WARN_INFINITE_RECURSION = YES;
				CLANG_WARN_INT_CONVERSION = YES;
				CLANG_WARN_NON_LITERAL_NULL_CONVERSION = YES;
				CLANG_WARN_OBJC_IMPLICIT_RETAIN_SELF = YES;
				CLANG_WARN_OBJC_LITERAL_CONVERSION = YES;
				CLANG_WARN_OBJC_ROOT_CLASS = YES_ERROR;
				CLANG_WARN_QUOTED_INCLUDE_IN_FRAMEWORK_HEADER = YES;
				CLANG_WARN_RANGE_LOOP_ANALYSIS = YES;
				CLANG_WARN_STRICT_PROTOTYPES = YES;
				CLANG_WARN_SUSPICIOUS_MOVE = YES;
				CLANG_WARN_UNGUARDED_AVAILABILITY = YES_AGGRESSIVE;
				CLANG_WARN_UNREACHABLE_CODE = YES;
				CLANG_WARN__DUPLICATE_METHOD_MATCH = YES;
				COPY_PHASE_STRIP = NO;
				DEBUG_INFORMATION_FORMAT = "dwarf-with-dsym";
				ENABLE_NS_ASSERTIONS = NO;
				ENABLE_STRICT_OBJC_MSGSEND = YES;
				GCC_C_LANGUAGE_STANDARD = gnu11;
				GCC_NO_COMMON_BLOCKS = YES;
				GCC_WARN_64_TO_32_BIT_CONVERSION = YES;
				GCC_WARN_ABOUT_RETURN_TYPE = YES_ERROR;
				GCC_WARN_UNDECLARED_SELECTOR = YES;
				GCC_WARN_UNINITIALIZED_AUTOS = YES_AGGRESSIVE;
				GCC_WARN_UNUSED_FUNCTION = YES;
				GCC_WARN_UNUSED_VARIABLE = YES;
				IPHONEOS_DEPLOYMENT_TARGET = 16.4;
				MTL_ENABLE_DEBUG_INFO = NO;
				MTL_FAST_MATH = YES;
				SDKROOT = iphoneos;
				SWIFT_COMPILATION_MODE = wholemodule;
				SWIFT_OPTIMIZATION_LEVEL = "-O";
				VALIDATE_PRODUCT = YES;
			};
			name = Release;
		};
		710361AF2A07EF3200CF4CE3 /* Debug */ = {
			isa = XCBuildConfiguration;
			buildSettings = {
				ASSETCATALOG_COMPILER_APPICON_NAME = AppIcon;
				ASSETCATALOG_COMPILER_GLOBAL_ACCENT_COLOR_NAME = AccentColor;
				CODE_SIGN_STYLE = Automatic;
				CURRENT_PROJECT_VERSION = 1;
				GENERATE_INFOPLIST_FILE = YES;
				INFOPLIST_FILE = MiniGameHeaven/Info.plist;
				INFOPLIST_KEY_UIApplicationSupportsIndirectInputEvents = YES;
				INFOPLIST_KEY_UILaunchStoryboardName = LaunchScreen;
				INFOPLIST_KEY_UISupportedInterfaceOrientations_iPad = "UIInterfaceOrientationPortrait UIInterfaceOrientationPortraitUpsideDown UIInterfaceOrientationLandscapeLeft UIInterfaceOrientationLandscapeRight";
				INFOPLIST_KEY_UISupportedInterfaceOrientations_iPhone = "UIInterfaceOrientationPortrait UIInterfaceOrientationLandscapeLeft UIInterfaceOrientationLandscapeRight";
				LD_RUNPATH_SEARCH_PATHS = (
					"$(inherited)",
					"@executable_path/Frameworks",
				);
				MARKETING_VERSION = 1.0;
				PRODUCT_BUNDLE_IDENTIFIER = com.MiniGameHeaven;
				PRODUCT_NAME = "$(TARGET_NAME)";
				SWIFT_EMIT_LOC_STRINGS = YES;
				SWIFT_VERSION = 5.0;
				TARGETED_DEVICE_FAMILY = "1,2";
			};
			name = Debug;
		};
		710361B02A07EF3200CF4CE3 /* Release */ = {
			isa = XCBuildConfiguration;
			buildSettings = {
				ASSETCATALOG_COMPILER_APPICON_NAME = AppIcon;
				ASSETCATALOG_COMPILER_GLOBAL_ACCENT_COLOR_NAME = AccentColor;
				CODE_SIGN_STYLE = Automatic;
				CURRENT_PROJECT_VERSION = 1;
				GENERATE_INFOPLIST_FILE = YES;
				INFOPLIST_FILE = MiniGameHeaven/Info.plist;
				INFOPLIST_KEY_UIApplicationSupportsIndirectInputEvents = YES;
				INFOPLIST_KEY_UILaunchStoryboardName = LaunchScreen;
				INFOPLIST_KEY_UISupportedInterfaceOrientations_iPad = "UIInterfaceOrientationPortrait UIInterfaceOrientationPortraitUpsideDown UIInterfaceOrientationLandscapeLeft UIInterfaceOrientationLandscapeRight";
				INFOPLIST_KEY_UISupportedInterfaceOrientations_iPhone = "UIInterfaceOrientationPortrait UIInterfaceOrientationLandscapeLeft UIInterfaceOrientationLandscapeRight";
				LD_RUNPATH_SEARCH_PATHS = (
					"$(inherited)",
					"@executable_path/Frameworks",
				);
				MARKETING_VERSION = 1.0;
				PRODUCT_BUNDLE_IDENTIFIER = com.MiniGameHeaven;
				PRODUCT_NAME = "$(TARGET_NAME)";
				SWIFT_EMIT_LOC_STRINGS = YES;
				SWIFT_VERSION = 5.0;
				TARGETED_DEVICE_FAMILY = "1,2";
			};
			name = Release;
		};
/* End XCBuildConfiguration section */

/* Begin XCConfigurationList section */
		710361952A07EF3000CF4CE3 /* Build configuration list for PBXProject "MiniGameHeaven" */ = {
			isa = XCConfigurationList;
			buildConfigurations = (
				710361AC2A07EF3200CF4CE3 /* Debug */,
				710361AD2A07EF3200CF4CE3 /* Release */,
			);
			defaultConfigurationIsVisible = 0;
			defaultConfigurationName = Release;
		};
		710361AE2A07EF3200CF4CE3 /* Build configuration list for PBXNativeTarget "MiniGameHeaven" */ = {
			isa = XCConfigurationList;
			buildConfigurations = (
				710361AF2A07EF3200CF4CE3 /* Debug */,
				710361B02A07EF3200CF4CE3 /* Release */,
			);
			defaultConfigurationIsVisible = 0;
			defaultConfigurationName = Release;
		};
/* End XCConfigurationList section */
	};
	rootObject = 710361922A07EF3000CF4CE3 /* Project object */;
}
