// !$*UTF8*$!
{
	archiveVersion = 1;
	classes = {
	};
	objectVersion = 56;
	objects = {

/* Begin PBXBuildFile section */
		71457AA2297E7F1200F9C3C8 /* FeedCell.swift in Sources */ = {isa = PBXBuildFile; fileRef = 71457AA1297E7F1200F9C3C8 /* FeedCell.swift */; };
		716C46C52977B5BE006CEFA3 /* AppDelegate.swift in Sources */ = {isa = PBXBuildFile; fileRef = 716C46C42977B5BE006CEFA3 /* AppDelegate.swift */; };
		716C46C72977B5BE006CEFA3 /* SceneDelegate.swift in Sources */ = {isa = PBXBuildFile; fileRef = 716C46C62977B5BE006CEFA3 /* SceneDelegate.swift */; };
		716C46CE2977B5BF006CEFA3 /* Assets.xcassets in Resources */ = {isa = PBXBuildFile; fileRef = 716C46CD2977B5BF006CEFA3 /* Assets.xcassets */; };
		716C46D12977B5BF006CEFA3 /* LaunchScreen.storyboard in Resources */ = {isa = PBXBuildFile; fileRef = 716C46CF2977B5BF006CEFA3 /* LaunchScreen.storyboard */; };
		716C46E02977B767006CEFA3 /* MainTabController.swift in Sources */ = {isa = PBXBuildFile; fileRef = 716C46DF2977B767006CEFA3 /* MainTabController.swift */; };
		717098B3297888B400CDD4BB /* FeedController.swift in Sources */ = {isa = PBXBuildFile; fileRef = 717098B2297888B400CDD4BB /* FeedController.swift */; };
		717098B5297888CA00CDD4BB /* SearchController.swift in Sources */ = {isa = PBXBuildFile; fileRef = 717098B4297888CA00CDD4BB /* SearchController.swift */; };
		717098B72978890B00CDD4BB /* ImageSelectorController.swift in Sources */ = {isa = PBXBuildFile; fileRef = 717098B62978890B00CDD4BB /* ImageSelectorController.swift */; };
		717098B92978893100CDD4BB /* NotificationController.swift in Sources */ = {isa = PBXBuildFile; fileRef = 717098B82978893100CDD4BB /* NotificationController.swift */; };
		717098BB2978898900CDD4BB /* ProfileController.swift in Sources */ = {isa = PBXBuildFile; fileRef = 717098BA2978898900CDD4BB /* ProfileController.swift */; };
/* End PBXBuildFile section */

/* Begin PBXFileReference section */
		71457AA1297E7F1200F9C3C8 /* FeedCell.swift */ = {isa = PBXFileReference; lastKnownFileType = sourcecode.swift; path = FeedCell.swift; sourceTree = "<group>"; };
		716C46C12977B5BE006CEFA3 /* Instargram.app */ = {isa = PBXFileReference; explicitFileType = wrapper.application; includeInIndex = 0; path = Instargram.app; sourceTree = BUILT_PRODUCTS_DIR; };
		716C46C42977B5BE006CEFA3 /* AppDelegate.swift */ = {isa = PBXFileReference; lastKnownFileType = sourcecode.swift; path = AppDelegate.swift; sourceTree = "<group>"; };
		716C46C62977B5BE006CEFA3 /* SceneDelegate.swift */ = {isa = PBXFileReference; lastKnownFileType = sourcecode.swift; path = SceneDelegate.swift; sourceTree = "<group>"; };
		716C46CD2977B5BF006CEFA3 /* Assets.xcassets */ = {isa = PBXFileReference; lastKnownFileType = folder.assetcatalog; path = Assets.xcassets; sourceTree = "<group>"; };
		716C46D02977B5BF006CEFA3 /* Base */ = {isa = PBXFileReference; lastKnownFileType = file.storyboard; name = Base; path = Base.lproj/LaunchScreen.storyboard; sourceTree = "<group>"; };
		716C46D22977B5BF006CEFA3 /* Info.plist */ = {isa = PBXFileReference; lastKnownFileType = text.plist.xml; path = Info.plist; sourceTree = "<group>"; };
		716C46DF2977B767006CEFA3 /* MainTabController.swift */ = {isa = PBXFileReference; lastKnownFileType = sourcecode.swift; path = MainTabController.swift; sourceTree = "<group>"; };
		717098B2297888B400CDD4BB /* FeedController.swift */ = {isa = PBXFileReference; lastKnownFileType = sourcecode.swift; path = FeedController.swift; sourceTree = "<group>"; };
		717098B4297888CA00CDD4BB /* SearchController.swift */ = {isa = PBXFileReference; lastKnownFileType = sourcecode.swift; path = SearchController.swift; sourceTree = "<group>"; };
		717098B62978890B00CDD4BB /* ImageSelectorController.swift */ = {isa = PBXFileReference; lastKnownFileType = sourcecode.swift; path = ImageSelectorController.swift; sourceTree = "<group>"; };
		717098B82978893100CDD4BB /* NotificationController.swift */ = {isa = PBXFileReference; lastKnownFileType = sourcecode.swift; path = NotificationController.swift; sourceTree = "<group>"; };
		717098BA2978898900CDD4BB /* ProfileController.swift */ = {isa = PBXFileReference; lastKnownFileType = sourcecode.swift; path = ProfileController.swift; sourceTree = "<group>"; };
/* End PBXFileReference section */

/* Begin PBXFrameworksBuildPhase section */
		716C46BE2977B5BE006CEFA3 /* Frameworks */ = {
			isa = PBXFrameworksBuildPhase;
			buildActionMask = 2147483647;
			files = (
			);
			runOnlyForDeploymentPostprocessing = 0;
		};
/* End PBXFrameworksBuildPhase section */

/* Begin PBXGroup section */
		716C46B82977B5BE006CEFA3 = {
			isa = PBXGroup;
			children = (
				716C46C32977B5BE006CEFA3 /* Instargram */,
				716C46C22977B5BE006CEFA3 /* Products */,
			);
			sourceTree = "<group>";
		};
		716C46C22977B5BE006CEFA3 /* Products */ = {
			isa = PBXGroup;
			children = (
				716C46C12977B5BE006CEFA3 /* Instargram.app */,
			);
			name = Products;
			sourceTree = "<group>";
		};
		716C46C32977B5BE006CEFA3 /* Instargram */ = {
			isa = PBXGroup;
			children = (
				716C46DE2977B6E7006CEFA3 /* Model */,
				716C46DD2977B6E6006CEFA3 /* View */,
				716C46DC2977B6E5006CEFA3 /* ViewModel */,
				716C46DB2977B6E3006CEFA3 /* Controller */,
				716C46D92977B6DF006CEFA3 /* API */,
				716C46D82977B6DD006CEFA3 /* Utils */,
				716C46C42977B5BE006CEFA3 /* AppDelegate.swift */,
				716C46C62977B5BE006CEFA3 /* SceneDelegate.swift */,
				716C46CD2977B5BF006CEFA3 /* Assets.xcassets */,
				716C46CF2977B5BF006CEFA3 /* LaunchScreen.storyboard */,
				716C46D22977B5BF006CEFA3 /* Info.plist */,
			);
			path = Instargram;
			sourceTree = "<group>";
		};
		716C46D82977B6DD006CEFA3 /* Utils */ = {
			isa = PBXGroup;
			children = (
			);
			path = Utils;
			sourceTree = "<group>";
		};
		716C46D92977B6DF006CEFA3 /* API */ = {
			isa = PBXGroup;
			children = (
			);
			path = API;
			sourceTree = "<group>";
		};
		716C46DB2977B6E3006CEFA3 /* Controller */ = {
			isa = PBXGroup;
			children = (
				716C46DF2977B767006CEFA3 /* MainTabController.swift */,
				717098B2297888B400CDD4BB /* FeedController.swift */,
				717098B4297888CA00CDD4BB /* SearchController.swift */,
				717098B62978890B00CDD4BB /* ImageSelectorController.swift */,
				717098B82978893100CDD4BB /* NotificationController.swift */,
				717098BA2978898900CDD4BB /* ProfileController.swift */,
			);
			path = Controller;
			sourceTree = "<group>";
		};
		716C46DC2977B6E5006CEFA3 /* ViewModel */ = {
			isa = PBXGroup;
			children = (
			);
			path = ViewModel;
			sourceTree = "<group>";
		};
		716C46DD2977B6E6006CEFA3 /* View */ = {
			isa = PBXGroup;
			children = (
				71457AA1297E7F1200F9C3C8 /* FeedCell.swift */,
			);
			path = View;
			sourceTree = "<group>";
		};
		716C46DE2977B6E7006CEFA3 /* Model */ = {
			isa = PBXGroup;
			children = (
			);
			path = Model;
			sourceTree = "<group>";
		};
/* End PBXGroup section */

/* Begin PBXNativeTarget section */
		716C46C02977B5BE006CEFA3 /* Instargram */ = {
			isa = PBXNativeTarget;
			buildConfigurationList = 716C46D52977B5BF006CEFA3 /* Build configuration list for PBXNativeTarget "Instargram" */;
			buildPhases = (
				716C46BD2977B5BE006CEFA3 /* Sources */,
				716C46BE2977B5BE006CEFA3 /* Frameworks */,
				716C46BF2977B5BE006CEFA3 /* Resources */,
			);
			buildRules = (
			);
			dependencies = (
			);
			name = Instargram;
			productName = Instargram;
			productReference = 716C46C12977B5BE006CEFA3 /* Instargram.app */;
			productType = "com.apple.product-type.application";
		};
/* End PBXNativeTarget section */

/* Begin PBXProject section */
		716C46B92977B5BE006CEFA3 /* Project object */ = {
			isa = PBXProject;
			attributes = {
				BuildIndependentTargetsInParallel = 1;
				LastSwiftUpdateCheck = 1420;
				LastUpgradeCheck = 1420;
				TargetAttributes = {
					716C46C02977B5BE006CEFA3 = {
						CreatedOnToolsVersion = 14.2;
					};
				};
			};
			buildConfigurationList = 716C46BC2977B5BE006CEFA3 /* Build configuration list for PBXProject "Instargram" */;
			compatibilityVersion = "Xcode 14.0";
			developmentRegion = en;
			hasScannedForEncodings = 0;
			knownRegions = (
				en,
				Base,
			);
			mainGroup = 716C46B82977B5BE006CEFA3;
			productRefGroup = 716C46C22977B5BE006CEFA3 /* Products */;
			projectDirPath = "";
			projectRoot = "";
			targets = (
				716C46C02977B5BE006CEFA3 /* Instargram */,
			);
		};
/* End PBXProject section */

/* Begin PBXResourcesBuildPhase section */
		716C46BF2977B5BE006CEFA3 /* Resources */ = {
			isa = PBXResourcesBuildPhase;
			buildActionMask = 2147483647;
			files = (
				716C46D12977B5BF006CEFA3 /* LaunchScreen.storyboard in Resources */,
				716C46CE2977B5BF006CEFA3 /* Assets.xcassets in Resources */,
			);
			runOnlyForDeploymentPostprocessing = 0;
		};
/* End PBXResourcesBuildPhase section */

/* Begin PBXSourcesBuildPhase section */
		716C46BD2977B5BE006CEFA3 /* Sources */ = {
			isa = PBXSourcesBuildPhase;
			buildActionMask = 2147483647;
			files = (
				717098B72978890B00CDD4BB /* ImageSelectorController.swift in Sources */,
				717098B92978893100CDD4BB /* NotificationController.swift in Sources */,
				717098B5297888CA00CDD4BB /* SearchController.swift in Sources */,
				716C46C52977B5BE006CEFA3 /* AppDelegate.swift in Sources */,
				717098BB2978898900CDD4BB /* ProfileController.swift in Sources */,
				717098B3297888B400CDD4BB /* FeedController.swift in Sources */,
				716C46E02977B767006CEFA3 /* MainTabController.swift in Sources */,
				716C46C72977B5BE006CEFA3 /* SceneDelegate.swift in Sources */,
				71457AA2297E7F1200F9C3C8 /* FeedCell.swift in Sources */,
			);
			runOnlyForDeploymentPostprocessing = 0;
		};
/* End PBXSourcesBuildPhase section */

/* Begin PBXVariantGroup section */
		716C46CF2977B5BF006CEFA3 /* LaunchScreen.storyboard */ = {
			isa = PBXVariantGroup;
			children = (
				716C46D02977B5BF006CEFA3 /* Base */,
			);
			name = LaunchScreen.storyboard;
			sourceTree = "<group>";
		};
/* End PBXVariantGroup section */

/* Begin XCBuildConfiguration section */
		716C46D32977B5BF006CEFA3 /* Debug */ = {
			isa = XCBuildConfiguration;
			buildSettings = {
				ALWAYS_SEARCH_USER_PATHS = NO;
				CLANG_ANALYZER_NONNULL = YES;
				CLANG_ANALYZER_NUMBER_OBJECT_CONVERSION = YES_AGGRESSIVE;
				CLANG_CXX_LANGUAGE_STANDARD = "gnu++20";
				CLANG_ENABLE_MODULES = YES;
				CLANG_ENABLE_OBJC_ARC = YES;
				CLANG_ENABLE_OBJC_WEAK = YES;
				CLANG_WARN_BLOCK_CAPTURE_AUTORELEASING = YES;
				CLANG_WARN_BOOL_CONVERSION = YES;
				CLANG_WARN_COMMA = YES;
				CLANG_WARN_CONSTANT_CONVERSION = YES;
				CLANG_WARN_DEPRECATED_OBJC_IMPLEMENTATIONS = YES;
				CLANG_WARN_DIRECT_OBJC_ISA_USAGE = YES_ERROR;
				CLANG_WARN_DOCUMENTATION_COMMENTS = YES;
				CLANG_WARN_EMPTY_BODY = YES;
				CLANG_WARN_ENUM_CONVERSION = YES;
				CLANG_WARN_INFINITE_RECURSION = YES;
				CLANG_WARN_INT_CONVERSION = YES;
				CLANG_WARN_NON_LITERAL_NULL_CONVERSION = YES;
				CLANG_WARN_OBJC_IMPLICIT_RETAIN_SELF = YES;
				CLANG_WARN_OBJC_LITERAL_CONVERSION = YES;
				CLANG_WARN_OBJC_ROOT_CLASS = YES_ERROR;
				CLANG_WARN_QUOTED_INCLUDE_IN_FRAMEWORK_HEADER = YES;
				CLANG_WARN_RANGE_LOOP_ANALYSIS = YES;
				CLANG_WARN_STRICT_PROTOTYPES = YES;
				CLANG_WARN_SUSPICIOUS_MOVE = YES;
				CLANG_WARN_UNGUARDED_AVAILABILITY = YES_AGGRESSIVE;
				CLANG_WARN_UNREACHABLE_CODE = YES;
				CLANG_WARN__DUPLICATE_METHOD_MATCH = YES;
				COPY_PHASE_STRIP = NO;
				DEBUG_INFORMATION_FORMAT = dwarf;
				ENABLE_STRICT_OBJC_MSGSEND = YES;
				ENABLE_TESTABILITY = YES;
				GCC_C_LANGUAGE_STANDARD = gnu11;
				GCC_DYNAMIC_NO_PIC = NO;
				GCC_NO_COMMON_BLOCKS = YES;
				GCC_OPTIMIZATION_LEVEL = 0;
				GCC_PREPROCESSOR_DEFINITIONS = (
					"DEBUG=1",
					"$(inherited)",
				);
				GCC_WARN_64_TO_32_BIT_CONVERSION = YES;
				GCC_WARN_ABOUT_RETURN_TYPE = YES_ERROR;
				GCC_WARN_UNDECLARED_SELECTOR = YES;
				GCC_WARN_UNINITIALIZED_AUTOS = YES_AGGRESSIVE;
				GCC_WARN_UNUSED_FUNCTION = YES;
				GCC_WARN_UNUSED_VARIABLE = YES;
				IPHONEOS_DEPLOYMENT_TARGET = 16.2;
				MTL_ENABLE_DEBUG_INFO = INCLUDE_SOURCE;
				MTL_FAST_MATH = YES;
				ONLY_ACTIVE_ARCH = YES;
				SDKROOT = iphoneos;
				SWIFT_ACTIVE_COMPILATION_CONDITIONS = DEBUG;
				SWIFT_OPTIMIZATION_LEVEL = "-Onone";
			};
			name = Debug;
		};
		716C46D42977B5BF006CEFA3 /* Release */ = {
			isa = XCBuildConfiguration;
			buildSettings = {
				ALWAYS_SEARCH_USER_PATHS = NO;
				CLANG_ANALYZER_NONNULL = YES;
				CLANG_ANALYZER_NUMBER_OBJECT_CONVERSION = YES_AGGRESSIVE;
				CLANG_CXX_LANGUAGE_STANDARD = "gnu++20";
				CLANG_ENABLE_MODULES = YES;
				CLANG_ENABLE_OBJC_ARC = YES;
				CLANG_ENABLE_OBJC_WEAK = YES;
				CLANG_WARN_BLOCK_CAPTURE_AUTORELEASING = YES;
				CLANG_WARN_BOOL_CONVERSION = YES;
				CLANG_WARN_COMMA = YES;
				CLANG_WARN_CONSTANT_CONVERSION = YES;
				CLANG_WARN_DEPRECATED_OBJC_IMPLEMENTATIONS = YES;
				CLANG_WARN_DIRECT_OBJC_ISA_USAGE = YES_ERROR;
				CLANG_WARN_DOCUMENTATION_COMMENTS = YES;
				CLANG_WARN_EMPTY_BODY = YES;
				CLANG_WARN_ENUM_CONVERSION = YES;
				CLANG_WARN_INFINITE_RECURSION = YES;
				CLANG_WARN_INT_CONVERSION = YES;
				CLANG_WARN_NON_LITERAL_NULL_CONVERSION = YES;
				CLANG_WARN_OBJC_IMPLICIT_RETAIN_SELF = YES;
				CLANG_WARN_OBJC_LITERAL_CONVERSION = YES;
				CLANG_WARN_OBJC_ROOT_CLASS = YES_ERROR;
				CLANG_WARN_QUOTED_INCLUDE_IN_FRAMEWORK_HEADER = YES;
				CLANG_WARN_RANGE_LOOP_ANALYSIS = YES;
				CLANG_WARN_STRICT_PROTOTYPES = YES;
				CLANG_WARN_SUSPICIOUS_MOVE = YES;
				CLANG_WARN_UNGUARDED_AVAILABILITY = YES_AGGRESSIVE;
				CLANG_WARN_UNREACHABLE_CODE = YES;
				CLANG_WARN__DUPLICATE_METHOD_MATCH = YES;
				COPY_PHASE_STRIP = NO;
				DEBUG_INFORMATION_FORMAT = "dwarf-with-dsym";
				ENABLE_NS_ASSERTIONS = NO;
				ENABLE_STRICT_OBJC_MSGSEND = YES;
				GCC_C_LANGUAGE_STANDARD = gnu11;
				GCC_NO_COMMON_BLOCKS = YES;
				GCC_WARN_64_TO_32_BIT_CONVERSION = YES;
				GCC_WARN_ABOUT_RETURN_TYPE = YES_ERROR;
				GCC_WARN_UNDECLARED_SELECTOR = YES;
				GCC_WARN_UNINITIALIZED_AUTOS = YES_AGGRESSIVE;
				GCC_WARN_UNUSED_FUNCTION = YES;
				GCC_WARN_UNUSED_VARIABLE = YES;
				IPHONEOS_DEPLOYMENT_TARGET = 16.2;
				MTL_ENABLE_DEBUG_INFO = NO;
				MTL_FAST_MATH = YES;
				SDKROOT = iphoneos;
				SWIFT_COMPILATION_MODE = wholemodule;
				SWIFT_OPTIMIZATION_LEVEL = "-O";
				VALIDATE_PRODUCT = YES;
			};
			name = Release;
		};
		716C46D62977B5BF006CEFA3 /* Debug */ = {
			isa = XCBuildConfiguration;
			buildSettings = {
				ASSETCATALOG_COMPILER_APPICON_NAME = AppIcon;
				ASSETCATALOG_COMPILER_GLOBAL_ACCENT_COLOR_NAME = AccentColor;
				CODE_SIGN_STYLE = Automatic;
				CURRENT_PROJECT_VERSION = 1;
				GENERATE_INFOPLIST_FILE = YES;
				INFOPLIST_FILE = Instargram/Info.plist;
				INFOPLIST_KEY_UIApplicationSupportsIndirectInputEvents = YES;
				INFOPLIST_KEY_UILaunchStoryboardName = LaunchScreen;
				INFOPLIST_KEY_UISupportedInterfaceOrientations_iPad = "UIInterfaceOrientationPortrait UIInterfaceOrientationPortraitUpsideDown UIInterfaceOrientationLandscapeLeft UIInterfaceOrientationLandscapeRight";
				INFOPLIST_KEY_UISupportedInterfaceOrientations_iPhone = "UIInterfaceOrientationPortrait UIInterfaceOrientationLandscapeLeft UIInterfaceOrientationLandscapeRight";
				LD_RUNPATH_SEARCH_PATHS = (
					"$(inherited)",
					"@executable_path/Frameworks",
				);
				MARKETING_VERSION = 1.0;
				PRODUCT_BUNDLE_IDENTIFIER = com.Instargram;
				PRODUCT_NAME = "$(TARGET_NAME)";
				SWIFT_EMIT_LOC_STRINGS = YES;
				SWIFT_VERSION = 5.0;
				TARGETED_DEVICE_FAMILY = "1,2";
			};
			name = Debug;
		};
		716C46D72977B5BF006CEFA3 /* Release */ = {
			isa = XCBuildConfiguration;
			buildSettings = {
				ASSETCATALOG_COMPILER_APPICON_NAME = AppIcon;
				ASSETCATALOG_COMPILER_GLOBAL_ACCENT_COLOR_NAME = AccentColor;
				CODE_SIGN_STYLE = Automatic;
				CURRENT_PROJECT_VERSION = 1;
				GENERATE_INFOPLIST_FILE = YES;
				INFOPLIST_FILE = Instargram/Info.plist;
				INFOPLIST_KEY_UIApplicationSupportsIndirectInputEvents = YES;
				INFOPLIST_KEY_UILaunchStoryboardName = LaunchScreen;
				INFOPLIST_KEY_UISupportedInterfaceOrientations_iPad = "UIInterfaceOrientationPortrait UIInterfaceOrientationPortraitUpsideDown UIInterfaceOrientationLandscapeLeft UIInterfaceOrientationLandscapeRight";
				INFOPLIST_KEY_UISupportedInterfaceOrientations_iPhone = "UIInterfaceOrientationPortrait UIInterfaceOrientationLandscapeLeft UIInterfaceOrientationLandscapeRight";
				LD_RUNPATH_SEARCH_PATHS = (
					"$(inherited)",
					"@executable_path/Frameworks",
				);
				MARKETING_VERSION = 1.0;
				PRODUCT_BUNDLE_IDENTIFIER = com.Instargram;
				PRODUCT_NAME = "$(TARGET_NAME)";
				SWIFT_EMIT_LOC_STRINGS = YES;
				SWIFT_VERSION = 5.0;
				TARGETED_DEVICE_FAMILY = "1,2";
			};
			name = Release;
		};
/* End XCBuildConfiguration section */

/* Begin XCConfigurationList section */
		716C46BC2977B5BE006CEFA3 /* Build configuration list for PBXProject "Instargram" */ = {
			isa = XCConfigurationList;
			buildConfigurations = (
				716C46D32977B5BF006CEFA3 /* Debug */,
				716C46D42977B5BF006CEFA3 /* Release */,
			);
			defaultConfigurationIsVisible = 0;
			defaultConfigurationName = Release;
		};
		716C46D52977B5BF006CEFA3 /* Build configuration list for PBXNativeTarget "Instargram" */ = {
			isa = XCConfigurationList;
			buildConfigurations = (
				716C46D62977B5BF006CEFA3 /* Debug */,
				716C46D72977B5BF006CEFA3 /* Release */,
			);
			defaultConfigurationIsVisible = 0;
			defaultConfigurationName = Release;
		};
/* End XCConfigurationList section */
	};
	rootObject = 716C46B92977B5BE006CEFA3 /* Project object */;
}
