// !$*UTF8*$!
{
	archiveVersion = 1;
	classes = {
	};
	objectVersion = 56;
	objects = {

/* Begin PBXBuildFile section */
		711F3E3F2A623F7200CF7B77 /* LandmarkRow.swift in Sources */ = {isa = PBXBuildFile; fileRef = 711F3E3E2A623F7200CF7B77 /* LandmarkRow.swift */; };
		711F3E412A62434F00CF7B77 /* LandmarkList.swift in Sources */ = {isa = PBXBuildFile; fileRef = 711F3E402A62434F00CF7B77 /* LandmarkList.swift */; };
		7120121D2A74E12D00BA26BD /* Badge.swift in Sources */ = {isa = PBXBuildFile; fileRef = 7120121C2A74E12D00BA26BD /* Badge.swift */; };
		7130E5182A56A3C200133A70 /* LandmarksApp.swift in Sources */ = {isa = PBXBuildFile; fileRef = 7130E5172A56A3C200133A70 /* LandmarksApp.swift */; };
		7130E51A2A56A3C200133A70 /* ContentView.swift in Sources */ = {isa = PBXBuildFile; fileRef = 7130E5192A56A3C200133A70 /* ContentView.swift */; };
		7130E51C2A56A3C300133A70 /* Assets.xcassets in Resources */ = {isa = PBXBuildFile; fileRef = 7130E51B2A56A3C300133A70 /* Assets.xcassets */; };
		7130E51F2A56A3C300133A70 /* Preview Assets.xcassets in Resources */ = {isa = PBXBuildFile; fileRef = 7130E51E2A56A3C300133A70 /* Preview Assets.xcassets */; };
		71357FDD2A68F25600315C9B /* FavoriteButton.swift in Sources */ = {isa = PBXBuildFile; fileRef = 71357FDC2A68F25600315C9B /* FavoriteButton.swift */; };
		7137BA292A61155400FEA245 /* ModelData.swift in Sources */ = {isa = PBXBuildFile; fileRef = 7137BA282A61155400FEA245 /* ModelData.swift */; };
		714ADACE2A630B15002E5DB4 /* LandmarkDetail.swift in Sources */ = {isa = PBXBuildFile; fileRef = 714ADACD2A630B15002E5DB4 /* LandmarkDetail.swift */; };
		7154EB912A5C0C420037F194 /* CircleImage.swift in Sources */ = {isa = PBXBuildFile; fileRef = 7154EB902A5C0C420037F194 /* CircleImage.swift */; };
		7154EB932A5C0D0D0037F194 /* MapView.swift in Sources */ = {isa = PBXBuildFile; fileRef = 7154EB922A5C0D0D0037F194 /* MapView.swift */; };
		7154EB952A5C145D0037F194 /* landmarkData.json in Resources */ = {isa = PBXBuildFile; fileRef = 7154EB942A5C145D0037F194 /* landmarkData.json */; };
		7154EB972A5C148B0037F194 /* Landmark.swift in Sources */ = {isa = PBXBuildFile; fileRef = 7154EB962A5C148B0037F194 /* Landmark.swift */; };
		718F11F12A737C2700459F67 /* BadgeBackground.swift in Sources */ = {isa = PBXBuildFile; fileRef = 718F11F02A737C2700459F67 /* BadgeBackground.swift */; };
		718F11F32A73826A00459F67 /* BadgeSymbol.swift in Sources */ = {isa = PBXBuildFile; fileRef = 718F11F22A73826A00459F67 /* BadgeSymbol.swift */; };
		718F11F52A7382FB00459F67 /* RotatedBadgeSymbol.swift in Sources */ = {isa = PBXBuildFile; fileRef = 718F11F42A7382FB00459F67 /* RotatedBadgeSymbol.swift */; };
		7192FC172A794A0800148740 /* Hike.swift in Sources */ = {isa = PBXBuildFile; fileRef = 7192FC162A794A0800148740 /* Hike.swift */; };
		7192FC192A794B1300148740 /* hikeData.json in Resources */ = {isa = PBXBuildFile; fileRef = 7192FC182A794B1300148740 /* hikeData.json */; };
		71C59A702A72BB3F003A6344 /* HexagonParameters.swift in Sources */ = {isa = PBXBuildFile; fileRef = 71C59A6F2A72BB3F003A6344 /* HexagonParameters.swift */; };
		71DAC0072A7A52F100EBBE01 /* GraphCapsule.swift in Sources */ = {isa = PBXBuildFile; fileRef = 71DAC0032A7A52F100EBBE01 /* GraphCapsule.swift */; };
		71DAC0082A7A52F100EBBE01 /* HikeGraph.swift in Sources */ = {isa = PBXBuildFile; fileRef = 71DAC0042A7A52F100EBBE01 /* HikeGraph.swift */; };
		71DAC0092A7A52F100EBBE01 /* HikeDetail.swift in Sources */ = {isa = PBXBuildFile; fileRef = 71DAC0052A7A52F100EBBE01 /* HikeDetail.swift */; };
		71DAC00A2A7A52F100EBBE01 /* HikeView.swift in Sources */ = {isa = PBXBuildFile; fileRef = 71DAC0062A7A52F100EBBE01 /* HikeView.swift */; };
		71E108D82A7E562300493272 /* CategoryHome.swift in Sources */ = {isa = PBXBuildFile; fileRef = 71E108D72A7E562300493272 /* CategoryHome.swift */; };
		71E5FA972A7FE65C0092EECC /* CategoryRow.swift in Sources */ = {isa = PBXBuildFile; fileRef = 71E5FA962A7FE65C0092EECC /* CategoryRow.swift */; };
		71E5FA992A7FE7480092EECC /* CategoryItem.swift in Sources */ = {isa = PBXBuildFile; fileRef = 71E5FA982A7FE7480092EECC /* CategoryItem.swift */; };
/* End PBXBuildFile section */

/* Begin PBXFileReference section */
		711F3E3E2A623F7200CF7B77 /* LandmarkRow.swift */ = {isa = PBXFileReference; lastKnownFileType = sourcecode.swift; path = LandmarkRow.swift; sourceTree = "<group>"; };
		711F3E402A62434F00CF7B77 /* LandmarkList.swift */ = {isa = PBXFileReference; lastKnownFileType = sourcecode.swift; path = LandmarkList.swift; sourceTree = "<group>"; };
		7120121C2A74E12D00BA26BD /* Badge.swift */ = {isa = PBXFileReference; lastKnownFileType = sourcecode.swift; path = Badge.swift; sourceTree = "<group>"; };
		7130E5142A56A3C200133A70 /* Landmarks.app */ = {isa = PBXFileReference; explicitFileType = wrapper.application; includeInIndex = 0; path = Landmarks.app; sourceTree = BUILT_PRODUCTS_DIR; };
		7130E5172A56A3C200133A70 /* LandmarksApp.swift */ = {isa = PBXFileReference; lastKnownFileType = sourcecode.swift; path = LandmarksApp.swift; sourceTree = "<group>"; };
		7130E5192A56A3C200133A70 /* ContentView.swift */ = {isa = PBXFileReference; lastKnownFileType = sourcecode.swift; path = ContentView.swift; sourceTree = "<group>"; };
		7130E51B2A56A3C300133A70 /* Assets.xcassets */ = {isa = PBXFileReference; lastKnownFileType = folder.assetcatalog; path = Assets.xcassets; sourceTree = "<group>"; };
		7130E51E2A56A3C300133A70 /* Preview Assets.xcassets */ = {isa = PBXFileReference; lastKnownFileType = folder.assetcatalog; path = "Preview Assets.xcassets"; sourceTree = "<group>"; };
		71357FDC2A68F25600315C9B /* FavoriteButton.swift */ = {isa = PBXFileReference; lastKnownFileType = sourcecode.swift; path = FavoriteButton.swift; sourceTree = "<group>"; };
		7137BA282A61155400FEA245 /* ModelData.swift */ = {isa = PBXFileReference; lastKnownFileType = sourcecode.swift; path = ModelData.swift; sourceTree = "<group>"; };
		714ADACD2A630B15002E5DB4 /* LandmarkDetail.swift */ = {isa = PBXFileReference; lastKnownFileType = sourcecode.swift; path = LandmarkDetail.swift; sourceTree = "<group>"; };
		7154EB902A5C0C420037F194 /* CircleImage.swift */ = {isa = PBXFileReference; lastKnownFileType = sourcecode.swift; path = CircleImage.swift; sourceTree = "<group>"; };
		7154EB922A5C0D0D0037F194 /* MapView.swift */ = {isa = PBXFileReference; lastKnownFileType = sourcecode.swift; path = MapView.swift; sourceTree = "<group>"; };
		7154EB942A5C145D0037F194 /* landmarkData.json */ = {isa = PBXFileReference; fileEncoding = 4; lastKnownFileType = text.json; path = landmarkData.json; sourceTree = "<group>"; };
		7154EB962A5C148B0037F194 /* Landmark.swift */ = {isa = PBXFileReference; lastKnownFileType = sourcecode.swift; path = Landmark.swift; sourceTree = "<group>"; };
		718F11F02A737C2700459F67 /* BadgeBackground.swift */ = {isa = PBXFileReference; lastKnownFileType = sourcecode.swift; path = BadgeBackground.swift; sourceTree = "<group>"; };
		718F11F22A73826A00459F67 /* BadgeSymbol.swift */ = {isa = PBXFileReference; lastKnownFileType = sourcecode.swift; path = BadgeSymbol.swift; sourceTree = "<group>"; };
		718F11F42A7382FB00459F67 /* RotatedBadgeSymbol.swift */ = {isa = PBXFileReference; lastKnownFileType = sourcecode.swift; path = RotatedBadgeSymbol.swift; sourceTree = "<group>"; };
		7192FC162A794A0800148740 /* Hike.swift */ = {isa = PBXFileReference; lastKnownFileType = sourcecode.swift; path = Hike.swift; sourceTree = "<group>"; };
		7192FC182A794B1300148740 /* hikeData.json */ = {isa = PBXFileReference; fileEncoding = 4; lastKnownFileType = text.json; path = hikeData.json; sourceTree = "<group>"; };
		71C59A6F2A72BB3F003A6344 /* HexagonParameters.swift */ = {isa = PBXFileReference; lastKnownFileType = sourcecode.swift; path = HexagonParameters.swift; sourceTree = "<group>"; };
		71DAC0032A7A52F100EBBE01 /* GraphCapsule.swift */ = {isa = PBXFileReference; fileEncoding = 4; lastKnownFileType = sourcecode.swift; path = GraphCapsule.swift; sourceTree = "<group>"; };
		71DAC0042A7A52F100EBBE01 /* HikeGraph.swift */ = {isa = PBXFileReference; fileEncoding = 4; lastKnownFileType = sourcecode.swift; path = HikeGraph.swift; sourceTree = "<group>"; };
		71DAC0052A7A52F100EBBE01 /* HikeDetail.swift */ = {isa = PBXFileReference; fileEncoding = 4; lastKnownFileType = sourcecode.swift; path = HikeDetail.swift; sourceTree = "<group>"; };
		71DAC0062A7A52F100EBBE01 /* HikeView.swift */ = {isa = PBXFileReference; fileEncoding = 4; lastKnownFileType = sourcecode.swift; path = HikeView.swift; sourceTree = "<group>"; };
		71E108D72A7E562300493272 /* CategoryHome.swift */ = {isa = PBXFileReference; lastKnownFileType = sourcecode.swift; path = CategoryHome.swift; sourceTree = "<group>"; };
		71E5FA962A7FE65C0092EECC /* CategoryRow.swift */ = {isa = PBXFileReference; lastKnownFileType = sourcecode.swift; path = CategoryRow.swift; sourceTree = "<group>"; };
		71E5FA982A7FE7480092EECC /* CategoryItem.swift */ = {isa = PBXFileReference; lastKnownFileType = sourcecode.swift; path = CategoryItem.swift; sourceTree = "<group>"; };
/* End PBXFileReference section */

/* Begin PBXFrameworksBuildPhase section */
		7130E5112A56A3C200133A70 /* Frameworks */ = {
			isa = PBXFrameworksBuildPhase;
			buildActionMask = 2147483647;
			files = (
			);
			runOnlyForDeploymentPostprocessing = 0;
		};
/* End PBXFrameworksBuildPhase section */

/* Begin PBXGroup section */
		7130E50B2A56A3C200133A70 = {
			isa = PBXGroup;
			children = (
				71E5FA982A7FE7480092EECC /* CategoryItem.swift */,
				7130E5162A56A3C200133A70 /* Landmarks */,
				7130E5152A56A3C200133A70 /* Products */,
			);
			sourceTree = "<group>";
		};
		7130E5152A56A3C200133A70 /* Products */ = {
			isa = PBXGroup;
			children = (
				7130E5142A56A3C200133A70 /* Landmarks.app */,
			);
			name = Products;
			sourceTree = "<group>";
		};
		7130E5162A56A3C200133A70 /* Landmarks */ = {
			isa = PBXGroup;
			children = (
				7190EEAC2A76541A007E56BA /* Badges */,
				7137BA2C2A61187F00FEA245 /* Resources */,
				7137BA2B2A61187A00FEA245 /* Model */,
				7137BA2A2A61187400FEA245 /* Views */,
				7130E5172A56A3C200133A70 /* LandmarksApp.swift */,
				7130E51B2A56A3C300133A70 /* Assets.xcassets */,
				7130E51D2A56A3C300133A70 /* Preview Content */,
				7192FC162A794A0800148740 /* Hike.swift */,
				7192FC182A794B1300148740 /* hikeData.json */,
				71DAC0022A7A52F100EBBE01 /* Hikes */,
				71E108D72A7E562300493272 /* CategoryHome.swift */,
				71E5FA962A7FE65C0092EECC /* CategoryRow.swift */,
			);
			path = Landmarks;
			sourceTree = "<group>";
		};
		7130E51D2A56A3C300133A70 /* Preview Content */ = {
			isa = PBXGroup;
			children = (
				7130E51E2A56A3C300133A70 /* Preview Assets.xcassets */,
			);
			path = "Preview Content";
			sourceTree = "<group>";
		};
		71357FDE2A68F4F700315C9B /* Landmarks */ = {
			isa = PBXGroup;
			children = (
				711F3E3E2A623F7200CF7B77 /* LandmarkRow.swift */,
				711F3E402A62434F00CF7B77 /* LandmarkList.swift */,
				714ADACD2A630B15002E5DB4 /* LandmarkDetail.swift */,
			);
			path = Landmarks;
			sourceTree = "<group>";
		};
		71357FDF2A68F4FE00315C9B /* Helpers */ = {
			isa = PBXGroup;
			children = (
				7154EB902A5C0C420037F194 /* CircleImage.swift */,
				7154EB922A5C0D0D0037F194 /* MapView.swift */,
				71357FDC2A68F25600315C9B /* FavoriteButton.swift */,
			);
			path = Helpers;
			sourceTree = "<group>";
		};
		7137BA2A2A61187400FEA245 /* Views */ = {
			isa = PBXGroup;
			children = (
				71357FDE2A68F4F700315C9B /* Landmarks */,
				71357FDF2A68F4FE00315C9B /* Helpers */,
				7130E5192A56A3C200133A70 /* ContentView.swift */,
			);
			path = Views;
			sourceTree = "<group>";
		};
		7137BA2B2A61187A00FEA245 /* Model */ = {
			isa = PBXGroup;
			children = (
				7154EB962A5C148B0037F194 /* Landmark.swift */,
				7137BA282A61155400FEA245 /* ModelData.swift */,
			);
			path = Model;
			sourceTree = "<group>";
		};
		7137BA2C2A61187F00FEA245 /* Resources */ = {
			isa = PBXGroup;
			children = (
				7154EB942A5C145D0037F194 /* landmarkData.json */,
			);
			path = Resources;
			sourceTree = "<group>";
		};
		7190EEAC2A76541A007E56BA /* Badges */ = {
			isa = PBXGroup;
			children = (
				71C59A6F2A72BB3F003A6344 /* HexagonParameters.swift */,
				718F11F02A737C2700459F67 /* BadgeBackground.swift */,
				718F11F22A73826A00459F67 /* BadgeSymbol.swift */,
				718F11F42A7382FB00459F67 /* RotatedBadgeSymbol.swift */,
				7120121C2A74E12D00BA26BD /* Badge.swift */,
			);
			path = Badges;
			sourceTree = "<group>";
		};
		71DAC0022A7A52F100EBBE01 /* Hikes */ = {
			isa = PBXGroup;
			children = (
				71DAC0032A7A52F100EBBE01 /* GraphCapsule.swift */,
				71DAC0042A7A52F100EBBE01 /* HikeGraph.swift */,
				71DAC0052A7A52F100EBBE01 /* HikeDetail.swift */,
				71DAC0062A7A52F100EBBE01 /* HikeView.swift */,
			);
			path = Hikes;
			sourceTree = "<group>";
		};
/* End PBXGroup section */

/* Begin PBXNativeTarget section */
		7130E5132A56A3C200133A70 /* Landmarks */ = {
			isa = PBXNativeTarget;
			buildConfigurationList = 7130E5222A56A3C300133A70 /* Build configuration list for PBXNativeTarget "Landmarks" */;
			buildPhases = (
				7130E5102A56A3C200133A70 /* Sources */,
				7130E5112A56A3C200133A70 /* Frameworks */,
				7130E5122A56A3C200133A70 /* Resources */,
			);
			buildRules = (
			);
			dependencies = (
			);
			name = Landmarks;
			productName = Landmarks;
			productReference = 7130E5142A56A3C200133A70 /* Landmarks.app */;
			productType = "com.apple.product-type.application";
		};
/* End PBXNativeTarget section */

/* Begin PBXProject section */
		7130E50C2A56A3C200133A70 /* Project object */ = {
			isa = PBXProject;
			attributes = {
				BuildIndependentTargetsInParallel = 1;
				LastSwiftUpdateCheck = 1430;
				LastUpgradeCheck = 1430;
				TargetAttributes = {
					7130E5132A56A3C200133A70 = {
						CreatedOnToolsVersion = 14.3.1;
					};
				};
			};
			buildConfigurationList = 7130E50F2A56A3C200133A70 /* Build configuration list for PBXProject "Landmarks" */;
			compatibilityVersion = "Xcode 14.0";
			developmentRegion = en;
			hasScannedForEncodings = 0;
			knownRegions = (
				en,
				Base,
			);
			mainGroup = 7130E50B2A56A3C200133A70;
			productRefGroup = 7130E5152A56A3C200133A70 /* Products */;
			projectDirPath = "";
			projectRoot = "";
			targets = (
				7130E5132A56A3C200133A70 /* Landmarks */,
			);
		};
/* End PBXProject section */

/* Begin PBXResourcesBuildPhase section */
		7130E5122A56A3C200133A70 /* Resources */ = {
			isa = PBXResourcesBuildPhase;
			buildActionMask = 2147483647;
			files = (
				7192FC192A794B1300148740 /* hikeData.json in Resources */,
				7130E51F2A56A3C300133A70 /* Preview Assets.xcassets in Resources */,
				7130E51C2A56A3C300133A70 /* Assets.xcassets in Resources */,
				7154EB952A5C145D0037F194 /* landmarkData.json in Resources */,
			);
			runOnlyForDeploymentPostprocessing = 0;
		};
/* End PBXResourcesBuildPhase section */

/* Begin PBXSourcesBuildPhase section */
		7130E5102A56A3C200133A70 /* Sources */ = {
			isa = PBXSourcesBuildPhase;
			buildActionMask = 2147483647;
			files = (
				71E5FA972A7FE65C0092EECC /* CategoryRow.swift in Sources */,
				7130E51A2A56A3C200133A70 /* ContentView.swift in Sources */,
				71E108D82A7E562300493272 /* CategoryHome.swift in Sources */,
				71DAC0082A7A52F100EBBE01 /* HikeGraph.swift in Sources */,
				7120121D2A74E12D00BA26BD /* Badge.swift in Sources */,
				7154EB932A5C0D0D0037F194 /* MapView.swift in Sources */,
				71DAC0072A7A52F100EBBE01 /* GraphCapsule.swift in Sources */,
				711F3E412A62434F00CF7B77 /* LandmarkList.swift in Sources */,
				71357FDD2A68F25600315C9B /* FavoriteButton.swift in Sources */,
				71E5FA992A7FE7480092EECC /* CategoryItem.swift in Sources */,
				71DAC0092A7A52F100EBBE01 /* HikeDetail.swift in Sources */,
				71C59A702A72BB3F003A6344 /* HexagonParameters.swift in Sources */,
				7192FC172A794A0800148740 /* Hike.swift in Sources */,
				718F11F52A7382FB00459F67 /* RotatedBadgeSymbol.swift in Sources */,
				718F11F32A73826A00459F67 /* BadgeSymbol.swift in Sources */,
				7130E5182A56A3C200133A70 /* LandmarksApp.swift in Sources */,
				71DAC00A2A7A52F100EBBE01 /* HikeView.swift in Sources */,
				714ADACE2A630B15002E5DB4 /* LandmarkDetail.swift in Sources */,
				718F11F12A737C2700459F67 /* BadgeBackground.swift in Sources */,
				7154EB912A5C0C420037F194 /* CircleImage.swift in Sources */,
				7154EB972A5C148B0037F194 /* Landmark.swift in Sources */,
				711F3E3F2A623F7200CF7B77 /* LandmarkRow.swift in Sources */,
				7137BA292A61155400FEA245 /* ModelData.swift in Sources */,
			);
			runOnlyForDeploymentPostprocessing = 0;
		};
/* End PBXSourcesBuildPhase section */

/* Begin XCBuildConfiguration section */
		7130E5202A56A3C300133A70 /* Debug */ = {
			isa = XCBuildConfiguration;
			buildSettings = {
				ALWAYS_SEARCH_USER_PATHS = NO;
				CLANG_ANALYZER_NONNULL = YES;
				CLANG_ANALYZER_NUMBER_OBJECT_CONVERSION = YES_AGGRESSIVE;
				CLANG_CXX_LANGUAGE_STANDARD = "gnu++20";
				CLANG_ENABLE_MODULES = YES;
				CLANG_ENABLE_OBJC_ARC = YES;
				CLANG_ENABLE_OBJC_WEAK = YES;
				CLANG_WARN_BLOCK_CAPTURE_AUTORELEASING = YES;
				CLANG_WARN_BOOL_CONVERSION = YES;
				CLANG_WARN_COMMA = YES;
				CLANG_WARN_CONSTANT_CONVERSION = YES;
				CLANG_WARN_DEPRECATED_OBJC_IMPLEMENTATIONS = YES;
				CLANG_WARN_DIRECT_OBJC_ISA_USAGE = YES_ERROR;
				CLANG_WARN_DOCUMENTATION_COMMENTS = YES;
				CLANG_WARN_EMPTY_BODY = YES;
				CLANG_WARN_ENUM_CONVERSION = YES;
				CLANG_WARN_INFINITE_RECURSION = YES;
				CLANG_WARN_INT_CONVERSION = YES;
				CLANG_WARN_NON_LITERAL_NULL_CONVERSION = YES;
				CLANG_WARN_OBJC_IMPLICIT_RETAIN_SELF = YES;
				CLANG_WARN_OBJC_LITERAL_CONVERSION = YES;
				CLANG_WARN_OBJC_ROOT_CLASS = YES_ERROR;
				CLANG_WARN_QUOTED_INCLUDE_IN_FRAMEWORK_HEADER = YES;
				CLANG_WARN_RANGE_LOOP_ANALYSIS = YES;
				CLANG_WARN_STRICT_PROTOTYPES = YES;
				CLANG_WARN_SUSPICIOUS_MOVE = YES;
				CLANG_WARN_UNGUARDED_AVAILABILITY = YES_AGGRESSIVE;
				CLANG_WARN_UNREACHABLE_CODE = YES;
				CLANG_WARN__DUPLICATE_METHOD_MATCH = YES;
				COPY_PHASE_STRIP = NO;
				DEBUG_INFORMATION_FORMAT = dwarf;
				ENABLE_STRICT_OBJC_MSGSEND = YES;
				ENABLE_TESTABILITY = YES;
				GCC_C_LANGUAGE_STANDARD = gnu11;
				GCC_DYNAMIC_NO_PIC = NO;
				GCC_NO_COMMON_BLOCKS = YES;
				GCC_OPTIMIZATION_LEVEL = 0;
				GCC_PREPROCESSOR_DEFINITIONS = (
					"DEBUG=1",
					"$(inherited)",
				);
				GCC_WARN_64_TO_32_BIT_CONVERSION = YES;
				GCC_WARN_ABOUT_RETURN_TYPE = YES_ERROR;
				GCC_WARN_UNDECLARED_SELECTOR = YES;
				GCC_WARN_UNINITIALIZED_AUTOS = YES_AGGRESSIVE;
				GCC_WARN_UNUSED_FUNCTION = YES;
				GCC_WARN_UNUSED_VARIABLE = YES;
				IPHONEOS_DEPLOYMENT_TARGET = 16.4;
				MTL_ENABLE_DEBUG_INFO = INCLUDE_SOURCE;
				MTL_FAST_MATH = YES;
				ONLY_ACTIVE_ARCH = YES;
				SDKROOT = iphoneos;
				SWIFT_ACTIVE_COMPILATION_CONDITIONS = DEBUG;
				SWIFT_OPTIMIZATION_LEVEL = "-Onone";
			};
			name = Debug;
		};
		7130E5212A56A3C300133A70 /* Release */ = {
			isa = XCBuildConfiguration;
			buildSettings = {
				ALWAYS_SEARCH_USER_PATHS = NO;
				CLANG_ANALYZER_NONNULL = YES;
				CLANG_ANALYZER_NUMBER_OBJECT_CONVERSION = YES_AGGRESSIVE;
				CLANG_CXX_LANGUAGE_STANDARD = "gnu++20";
				CLANG_ENABLE_MODULES = YES;
				CLANG_ENABLE_OBJC_ARC = YES;
				CLANG_ENABLE_OBJC_WEAK = YES;
				CLANG_WARN_BLOCK_CAPTURE_AUTORELEASING = YES;
				CLANG_WARN_BOOL_CONVERSION = YES;
				CLANG_WARN_COMMA = YES;
				CLANG_WARN_CONSTANT_CONVERSION = YES;
				CLANG_WARN_DEPRECATED_OBJC_IMPLEMENTATIONS = YES;
				CLANG_WARN_DIRECT_OBJC_ISA_USAGE = YES_ERROR;
				CLANG_WARN_DOCUMENTATION_COMMENTS = YES;
				CLANG_WARN_EMPTY_BODY = YES;
				CLANG_WARN_ENUM_CONVERSION = YES;
				CLANG_WARN_INFINITE_RECURSION = YES;
				CLANG_WARN_INT_CONVERSION = YES;
				CLANG_WARN_NON_LITERAL_NULL_CONVERSION = YES;
				CLANG_WARN_OBJC_IMPLICIT_RETAIN_SELF = YES;
				CLANG_WARN_OBJC_LITERAL_CONVERSION = YES;
				CLANG_WARN_OBJC_ROOT_CLASS = YES_ERROR;
				CLANG_WARN_QUOTED_INCLUDE_IN_FRAMEWORK_HEADER = YES;
				CLANG_WARN_RANGE_LOOP_ANALYSIS = YES;
				CLANG_WARN_STRICT_PROTOTYPES = YES;
				CLANG_WARN_SUSPICIOUS_MOVE = YES;
				CLANG_WARN_UNGUARDED_AVAILABILITY = YES_AGGRESSIVE;
				CLANG_WARN_UNREACHABLE_CODE = YES;
				CLANG_WARN__DUPLICATE_METHOD_MATCH = YES;
				COPY_PHASE_STRIP = NO;
				DEBUG_INFORMATION_FORMAT = "dwarf-with-dsym";
				ENABLE_NS_ASSERTIONS = NO;
				ENABLE_STRICT_OBJC_MSGSEND = YES;
				GCC_C_LANGUAGE_STANDARD = gnu11;
				GCC_NO_COMMON_BLOCKS = YES;
				GCC_WARN_64_TO_32_BIT_CONVERSION = YES;
				GCC_WARN_ABOUT_RETURN_TYPE = YES_ERROR;
				GCC_WARN_UNDECLARED_SELECTOR = YES;
				GCC_WARN_UNINITIALIZED_AUTOS = YES_AGGRESSIVE;
				GCC_WARN_UNUSED_FUNCTION = YES;
				GCC_WARN_UNUSED_VARIABLE = YES;
				IPHONEOS_DEPLOYMENT_TARGET = 16.4;
				MTL_ENABLE_DEBUG_INFO = NO;
				MTL_FAST_MATH = YES;
				SDKROOT = iphoneos;
				SWIFT_COMPILATION_MODE = wholemodule;
				SWIFT_OPTIMIZATION_LEVEL = "-O";
				VALIDATE_PRODUCT = YES;
			};
			name = Release;
		};
		7130E5232A56A3C300133A70 /* Debug */ = {
			isa = XCBuildConfiguration;
			buildSettings = {
				ASSETCATALOG_COMPILER_APPICON_NAME = AppIcon;
				ASSETCATALOG_COMPILER_GLOBAL_ACCENT_COLOR_NAME = AccentColor;
				CODE_SIGN_STYLE = Automatic;
				CURRENT_PROJECT_VERSION = 1;
				DEVELOPMENT_ASSET_PATHS = "\"Landmarks/Preview Content\"";
				ENABLE_PREVIEWS = YES;
				GENERATE_INFOPLIST_FILE = YES;
				INFOPLIST_KEY_UIApplicationSceneManifest_Generation = YES;
				INFOPLIST_KEY_UIApplicationSupportsIndirectInputEvents = YES;
				INFOPLIST_KEY_UILaunchScreen_Generation = YES;
				INFOPLIST_KEY_UISupportedInterfaceOrientations_iPad = "UIInterfaceOrientationPortrait UIInterfaceOrientationPortraitUpsideDown UIInterfaceOrientationLandscapeLeft UIInterfaceOrientationLandscapeRight";
				INFOPLIST_KEY_UISupportedInterfaceOrientations_iPhone = "UIInterfaceOrientationPortrait UIInterfaceOrientationLandscapeLeft UIInterfaceOrientationLandscapeRight";
				LD_RUNPATH_SEARCH_PATHS = (
					"$(inherited)",
					"@executable_path/Frameworks",
				);
				MARKETING_VERSION = 1.0;
				PRODUCT_BUNDLE_IDENTIFIER = com.Landmarks;
				PRODUCT_NAME = "$(TARGET_NAME)";
				SWIFT_EMIT_LOC_STRINGS = YES;
				SWIFT_VERSION = 5.0;
				TARGETED_DEVICE_FAMILY = "1,2";
			};
			name = Debug;
		};
		7130E5242A56A3C300133A70 /* Release */ = {
			isa = XCBuildConfiguration;
			buildSettings = {
				ASSETCATALOG_COMPILER_APPICON_NAME = AppIcon;
				ASSETCATALOG_COMPILER_GLOBAL_ACCENT_COLOR_NAME = AccentColor;
				CODE_SIGN_STYLE = Automatic;
				CURRENT_PROJECT_VERSION = 1;
				DEVELOPMENT_ASSET_PATHS = "\"Landmarks/Preview Content\"";
				ENABLE_PREVIEWS = YES;
				GENERATE_INFOPLIST_FILE = YES;
				INFOPLIST_KEY_UIApplicationSceneManifest_Generation = YES;
				INFOPLIST_KEY_UIApplicationSupportsIndirectInputEvents = YES;
				INFOPLIST_KEY_UILaunchScreen_Generation = YES;
				INFOPLIST_KEY_UISupportedInterfaceOrientations_iPad = "UIInterfaceOrientationPortrait UIInterfaceOrientationPortraitUpsideDown UIInterfaceOrientationLandscapeLeft UIInterfaceOrientationLandscapeRight";
				INFOPLIST_KEY_UISupportedInterfaceOrientations_iPhone = "UIInterfaceOrientationPortrait UIInterfaceOrientationLandscapeLeft UIInterfaceOrientationLandscapeRight";
				LD_RUNPATH_SEARCH_PATHS = (
					"$(inherited)",
					"@executable_path/Frameworks",
				);
				MARKETING_VERSION = 1.0;
				PRODUCT_BUNDLE_IDENTIFIER = com.Landmarks;
				PRODUCT_NAME = "$(TARGET_NAME)";
				SWIFT_EMIT_LOC_STRINGS = YES;
				SWIFT_VERSION = 5.0;
				TARGETED_DEVICE_FAMILY = "1,2";
			};
			name = Release;
		};
/* End XCBuildConfiguration section */

/* Begin XCConfigurationList section */
		7130E50F2A56A3C200133A70 /* Build configuration list for PBXProject "Landmarks" */ = {
			isa = XCConfigurationList;
			buildConfigurations = (
				7130E5202A56A3C300133A70 /* Debug */,
				7130E5212A56A3C300133A70 /* Release */,
			);
			defaultConfigurationIsVisible = 0;
			defaultConfigurationName = Release;
		};
		7130E5222A56A3C300133A70 /* Build configuration list for PBXNativeTarget "Landmarks" */ = {
			isa = XCConfigurationList;
			buildConfigurations = (
				7130E5232A56A3C300133A70 /* Debug */,
				7130E5242A56A3C300133A70 /* Release */,
			);
			defaultConfigurationIsVisible = 0;
			defaultConfigurationName = Release;
		};
/* End XCConfigurationList section */
	};
	rootObject = 7130E50C2A56A3C200133A70 /* Project object */;
}
